{"format_version":"1.0","provider_schemas":{"registry.terraform.io/tako0614/takoform":{"provider":{"version":0,"block":{"attributes":{"endpoint":{"type":"string","description":"Origin of a conforming Service Form host. May also be set via the TAKOFORM_ENDPOINT environment variable.","description_kind":"plain","optional":true},"space":{"type":"string","description":"Default opaque SpaceID for resources that do not set their own. The exact value is preserved. May also be set via the TAKOFORM_SPACE environment variable.","description_kind":"plain","optional":true},"token":{"type":"string","description":"Bearer token sent as `Authorization: Bearer \u003ctoken\u003e`. May also be set via the TAKOFORM_TOKEN environment variable.","description_kind":"plain","optional":true,"sensitive":true}},"description":"The Takoform provider exposes statically typed portable Service Form resources through any conforming form host. It never selects a backend, target, credential, price, or operator policy.","description_kind":"plain"}},"resource_schemas":{"takoform_actor_namespace":{"version":1,"block":{"attributes":{"class_name":{"type":"string","description":"Class export name the serving module provides, in the JavaScript identifier grammar. Every weighted version of the active deployment must export it; one that does not keeps this namespace from becoming Ready, and invoking a stub of it is refused rather than queued.","description_kind":"plain","required":true},"conditions":{"nested_type":{"attributes":{"host_reason":{"type":"string","description":"Host-specific, non-portable detail naming exactly what is wrong — a relation pointer, both sides of an incarnation change, a missing handler. Null when the host supplies none, and never a value to branch on.","description_kind":"plain","computed":true},"last_transition_time":{"type":"string","description":"RFC 3339 time this condition last changed status.","description_kind":"plain","computed":true},"message":{"type":"string","description":"Human-readable detail, null when the host supplies none.","description_kind":"plain","computed":true},"observed_generation":{"type":"string","description":"The desired-state generation this status reflects. When it lags `generation`, the host has not yet observed the newest desired spec.","description_kind":"plain","computed":true},"reason":{"type":"string","description":"Closed portable reason. Two conforming hosts name one state with one reason, so this is the member to branch on.","description_kind":"plain","computed":true},"status":{"type":"string","description":"`True`, `False`, or `Unknown`.","description_kind":"plain","computed":true},"type":{"type":"string","description":"Closed condition type: `Ready`, `Reconciling`, `Degraded`, `Drifted`, `Blocked`, or `Deleting`.","description_kind":"plain","computed":true}},"nesting_mode":"list"},"description":"Every status condition the host reports, in the order it reports them. Conditions are host-owned rendered state: they change when this resource changes AND when another resource this one depends on changes, without any desired spec changing.","description_kind":"plain","computed":true},"create_timeout":{"type":"string","description":"Overall create deadline as a Go duration (default \"20m\").","description_kind":"plain","optional":true},"delete_timeout":{"type":"string","description":"Overall delete deadline as a Go duration (default \"30m\").","description_kind":"plain","optional":true},"form_api_version":{"type":"string","description":"Exact namespaced Form group/version recorded in state; reads dispatch on this exact identity.","description_kind":"plain","computed":true},"form_definition_version":{"type":"string","description":"Exact immutable Form definition version recorded in state.","description_kind":"plain","computed":true},"form_kind":{"type":"string","description":"Exact Form kind recorded in state.","description_kind":"plain","computed":true},"form_package_digest":{"type":"string","description":"Audit-only digest of the Form Package this provider build carries for the exact FormRef. It is distribution provenance, never resource identity, and never enters queries or fences.","description_kind":"plain","computed":true},"form_schema_digest":{"type":"string","description":"Exact immutable Form schema digest recorded in state.","description_kind":"plain","computed":true},"generation":{"type":"string","description":"Canonical decimal desired-state generation; increments only when the portable desired spec changes. Update fences carry it as the expected generation.","description_kind":"plain","computed":true},"name":{"type":"string","description":"Portable resource name (metadata.name). Changing it replaces the resource.","description_kind":"plain","required":true},"outputs_json":{"type":"string","description":"JSON-serialized status.outputs document of the last read or apply; \"{}\" when the Form publishes no outputs.","description_kind":"plain","computed":true},"pending_operation_id":{"type":"string","description":"Internal recovery only. Host operation id of a mutation the host accepted but that did not reach a terminal state before the operation deadline; null in steady state and cleared by the next successful read or apply. It is not resource identity and configurations must not depend on it.","description_kind":"plain","computed":true},"ready":{"type":"bool","description":"Derived convenience: true when `conditions` carries the closed Ready condition with status True. Read `conditions` for the reason a resource is not ready.","description_kind":"plain","computed":true},"relation_drift_reason":{"type":"string","description":"Internal recovery only. The portable condition reason (\"ExternalChange\" or \"DependencyMissing\") when the host reports that a resource this one references was replaced or removed out of band; null in steady state and cleared by the next successful read or apply. It is not desired state, it is not part of the portable wire spec, and configurations must not depend on it.","description_kind":"plain","computed":true},"revision":{"type":"string","description":"Canonical decimal representation revision; increments whenever the full representation changes, including when a change to another resource re-renders this one. It is the strong ETag, not the delete fence.","description_kind":"plain","computed":true},"space":{"type":"string","description":"Exact opaque SpaceID for this resource. Overrides the provider default; changing it replaces the resource.","description_kind":"plain","optional":true,"computed":true},"uid":{"type":"string","description":"Host-issued immutable resource identity. Delete followed by re-create of the same name yields a new UID.","description_kind":"plain","computed":true},"worker":{"type":"string","description":"Module Worker identity whose active deployment serves this actor class. Changing it replaces the namespace. Set the name of the exact target edge.forms.takoform.com/ModuleWorker resource.","description_kind":"plain","required":true}},"description":"Long-lived identity of one addressable-actor id space: a class the worker's active deployment serves, with at most one live execution context per actor id, private durable storage per id, and one alarm per id. The Form fixes that model by identity through the worker.actor@1.0.0 contract in its providedInterfaces; it carries no implementation snapshot, so which code answers is whatever the worker's active Worker Deployment selects. Actors are runtime data reached through module-worker.actor bindings, never Resources: every id addresses an actor and the first delivery is its creation. One worker carries at most one Actor Namespace per class name, because two namespaces over one class would give that class two disjoint id spaces. Role: identity (Host API v1beta1 lane).","description_kind":"plain"}},"takoform_at_least_once_queue":{"version":1,"block":{"attributes":{"conditions":{"nested_type":{"attributes":{"host_reason":{"type":"string","description":"Host-specific, non-portable detail naming exactly what is wrong — a relation pointer, both sides of an incarnation change, a missing handler. Null when the host supplies none, and never a value to branch on.","description_kind":"plain","computed":true},"last_transition_time":{"type":"string","description":"RFC 3339 time this condition last changed status.","description_kind":"plain","computed":true},"message":{"type":"string","description":"Human-readable detail, null when the host supplies none.","description_kind":"plain","computed":true},"observed_generation":{"type":"string","description":"The desired-state generation this status reflects. When it lags `generation`, the host has not yet observed the newest desired spec.","description_kind":"plain","computed":true},"reason":{"type":"string","description":"Closed portable reason. Two conforming hosts name one state with one reason, so this is the member to branch on.","description_kind":"plain","computed":true},"status":{"type":"string","description":"`True`, `False`, or `Unknown`.","description_kind":"plain","computed":true},"type":{"type":"string","description":"Closed condition type: `Ready`, `Reconciling`, `Degraded`, `Drifted`, `Blocked`, or `Deleting`.","description_kind":"plain","computed":true}},"nesting_mode":"list"},"description":"Every status condition the host reports, in the order it reports them. Conditions are host-owned rendered state: they change when this resource changes AND when another resource this one depends on changes, without any desired spec changing.","description_kind":"plain","computed":true},"create_timeout":{"type":"string","description":"Overall create deadline as a Go duration (default \"20m\").","description_kind":"plain","optional":true},"delete_timeout":{"type":"string","description":"Overall delete deadline as a Go duration (default \"30m\").","description_kind":"plain","optional":true},"delivery_delay_seconds":{"type":"number","description":"Default delay before a sent message becomes deliverable, in seconds. Omitting it delivers immediately. Omitting it means `0`.","description_kind":"plain","optional":true,"computed":true},"form_api_version":{"type":"string","description":"Exact namespaced Form group/version recorded in state; reads dispatch on this exact identity.","description_kind":"plain","computed":true},"form_definition_version":{"type":"string","description":"Exact immutable Form definition version recorded in state.","description_kind":"plain","computed":true},"form_kind":{"type":"string","description":"Exact Form kind recorded in state.","description_kind":"plain","computed":true},"form_package_digest":{"type":"string","description":"Audit-only digest of the Form Package this provider build carries for the exact FormRef. It is distribution provenance, never resource identity, and never enters queries or fences.","description_kind":"plain","computed":true},"form_schema_digest":{"type":"string","description":"Exact immutable Form schema digest recorded in state.","description_kind":"plain","computed":true},"generation":{"type":"string","description":"Canonical decimal desired-state generation; increments only when the portable desired spec changes. Update fences carry it as the expected generation.","description_kind":"plain","computed":true},"message_retention_seconds":{"type":"number","description":"How long an undelivered message is retained before it is dropped, in seconds.","description_kind":"plain","required":true},"name":{"type":"string","description":"Portable resource name (metadata.name). Changing it replaces the resource.","description_kind":"plain","required":true},"outputs_json":{"type":"string","description":"JSON-serialized status.outputs document of the last read or apply; \"{}\" when the Form publishes no outputs.","description_kind":"plain","computed":true},"pending_operation_id":{"type":"string","description":"Internal recovery only. Host operation id of a mutation the host accepted but that did not reach a terminal state before the operation deadline; null in steady state and cleared by the next successful read or apply. It is not resource identity and configurations must not depend on it.","description_kind":"plain","computed":true},"ready":{"type":"bool","description":"Derived convenience: true when `conditions` carries the closed Ready condition with status True. Read `conditions` for the reason a resource is not ready.","description_kind":"plain","computed":true},"relation_drift_reason":{"type":"string","description":"Internal recovery only. The portable condition reason (\"ExternalChange\" or \"DependencyMissing\") when the host reports that a resource this one references was replaced or removed out of band; null in steady state and cleared by the next successful read or apply. It is not desired state, it is not part of the portable wire spec, and configurations must not depend on it.","description_kind":"plain","computed":true},"revision":{"type":"string","description":"Canonical decimal representation revision; increments whenever the full representation changes, including when a change to another resource re-renders this one. It is the strong ETag, not the delete fence.","description_kind":"plain","computed":true},"space":{"type":"string","description":"Exact opaque SpaceID for this resource. Overrides the provider default; changing it replaces the resource.","description_kind":"plain","optional":true,"computed":true},"uid":{"type":"string","description":"Host-issued immutable resource identity. Delete followed by re-create of the same name yields a new UID.","description_kind":"plain","computed":true},"update_timeout":{"type":"string","description":"Overall update deadline as a Go duration (default \"20m\").","description_kind":"plain","optional":true}},"description":"Message queue with at-least-once delivery and no ordering guarantee, exactly as fixed by the edge.queue Interface. There is no ordering field: a FIFO queue is a different Form. Message bodies are opaque bytes, a message identity is stable across redeliveries, and a queue has AT MOST ONE consumer — two would split the stream between two retry policies and two dead-letter destinations, which leaves the queue's own behavior unstatable (decision 0020). Role: identity (Host API v1beta1 lane).","description_kind":"plain"}},"takoform_container_custom_domain":{"version":1,"block":{"attributes":{"conditions":{"nested_type":{"attributes":{"host_reason":{"type":"string","description":"Host-specific, non-portable detail naming exactly what is wrong — a relation pointer, both sides of an incarnation change, a missing handler. Null when the host supplies none, and never a value to branch on.","description_kind":"plain","computed":true},"last_transition_time":{"type":"string","description":"RFC 3339 time this condition last changed status.","description_kind":"plain","computed":true},"message":{"type":"string","description":"Human-readable detail, null when the host supplies none.","description_kind":"plain","computed":true},"observed_generation":{"type":"string","description":"The desired-state generation this status reflects. When it lags `generation`, the host has not yet observed the newest desired spec.","description_kind":"plain","computed":true},"reason":{"type":"string","description":"Closed portable reason. Two conforming hosts name one state with one reason, so this is the member to branch on.","description_kind":"plain","computed":true},"status":{"type":"string","description":"`True`, `False`, or `Unknown`.","description_kind":"plain","computed":true},"type":{"type":"string","description":"Closed condition type: `Ready`, `Reconciling`, `Degraded`, `Drifted`, `Blocked`, or `Deleting`.","description_kind":"plain","computed":true}},"nesting_mode":"list"},"description":"Every status condition the host reports, in the order it reports them. Conditions are host-owned rendered state: they change when this resource changes AND when another resource this one depends on changes, without any desired spec changing.","description_kind":"plain","computed":true},"create_timeout":{"type":"string","description":"Overall create deadline as a Go duration (default \"20m\").","description_kind":"plain","optional":true},"delete_timeout":{"type":"string","description":"Overall delete deadline as a Go duration (default \"30m\").","description_kind":"plain","optional":true},"form_api_version":{"type":"string","description":"Exact namespaced Form group/version recorded in state; reads dispatch on this exact identity.","description_kind":"plain","computed":true},"form_definition_version":{"type":"string","description":"Exact immutable Form definition version recorded in state.","description_kind":"plain","computed":true},"form_kind":{"type":"string","description":"Exact Form kind recorded in state.","description_kind":"plain","computed":true},"form_package_digest":{"type":"string","description":"Audit-only digest of the Form Package this provider build carries for the exact FormRef. It is distribution provenance, never resource identity, and never enters queries or fences.","description_kind":"plain","computed":true},"form_schema_digest":{"type":"string","description":"Exact immutable Form schema digest recorded in state.","description_kind":"plain","computed":true},"generation":{"type":"string","description":"Canonical decimal desired-state generation; increments only when the portable desired spec changes. Update fences carry it as the expected generation.","description_kind":"plain","computed":true},"hostname":{"type":"string","description":"Customer-owned DNS hostname served by this attachment. The host canonicalizes it before comparison and storage; ACME certificate issuance is the host's duty.","description_kind":"plain","required":true},"name":{"type":"string","description":"Portable resource name (metadata.name). Changing it replaces the resource.","description_kind":"plain","required":true},"outputs_json":{"type":"string","description":"JSON-serialized status.outputs document of the last read or apply; \"{}\" when the Form publishes no outputs.","description_kind":"plain","computed":true},"pending_operation_id":{"type":"string","description":"Internal recovery only. Host operation id of a mutation the host accepted but that did not reach a terminal state before the operation deadline; null in steady state and cleared by the next successful read or apply. It is not resource identity and configurations must not depend on it.","description_kind":"plain","computed":true},"ready":{"type":"bool","description":"Derived convenience: true when `conditions` carries the closed Ready condition with status True. Read `conditions` for the reason a resource is not ready.","description_kind":"plain","computed":true},"relation_drift_reason":{"type":"string","description":"Internal recovery only. The portable condition reason (\"ExternalChange\" or \"DependencyMissing\") when the host reports that a resource this one references was replaced or removed out of band; null in steady state and cleared by the next successful read or apply. It is not desired state, it is not part of the portable wire spec, and configurations must not depend on it.","description_kind":"plain","computed":true},"revision":{"type":"string","description":"Canonical decimal representation revision; increments whenever the full representation changes, including when a change to another resource re-renders this one. It is the strong ETag, not the delete fence.","description_kind":"plain","computed":true},"service":{"type":"string","description":"Container Service served on this hostname. Changing it replaces the attachment. Set the name of the exact target container.forms.takoform.com/ContainerService resource.","description_kind":"plain","required":true},"space":{"type":"string","description":"Exact opaque SpaceID for this resource. Overrides the provider default; changing it replaces the resource.","description_kind":"plain","optional":true,"computed":true},"uid":{"type":"string","description":"Host-issued immutable resource identity. Delete followed by re-create of the same name yields a new UID.","description_kind":"plain","computed":true}},"description":"HTTPS attachment that serves one canonical customer-owned hostname from the active Container Traffic. ACME certificate issuance and TLS termination are host duties. Role: attachment (Host API v1beta1 lane).","description_kind":"plain"}},"takoform_container_endpoint":{"version":1,"block":{"attributes":{"conditions":{"nested_type":{"attributes":{"host_reason":{"type":"string","description":"Host-specific, non-portable detail naming exactly what is wrong — a relation pointer, both sides of an incarnation change, a missing handler. Null when the host supplies none, and never a value to branch on.","description_kind":"plain","computed":true},"last_transition_time":{"type":"string","description":"RFC 3339 time this condition last changed status.","description_kind":"plain","computed":true},"message":{"type":"string","description":"Human-readable detail, null when the host supplies none.","description_kind":"plain","computed":true},"observed_generation":{"type":"string","description":"The desired-state generation this status reflects. When it lags `generation`, the host has not yet observed the newest desired spec.","description_kind":"plain","computed":true},"reason":{"type":"string","description":"Closed portable reason. Two conforming hosts name one state with one reason, so this is the member to branch on.","description_kind":"plain","computed":true},"status":{"type":"string","description":"`True`, `False`, or `Unknown`.","description_kind":"plain","computed":true},"type":{"type":"string","description":"Closed condition type: `Ready`, `Reconciling`, `Degraded`, `Drifted`, `Blocked`, or `Deleting`.","description_kind":"plain","computed":true}},"nesting_mode":"list"},"description":"Every status condition the host reports, in the order it reports them. Conditions are host-owned rendered state: they change when this resource changes AND when another resource this one depends on changes, without any desired spec changing.","description_kind":"plain","computed":true},"create_timeout":{"type":"string","description":"Overall create deadline as a Go duration (default \"20m\").","description_kind":"plain","optional":true},"delete_timeout":{"type":"string","description":"Overall delete deadline as a Go duration (default \"30m\").","description_kind":"plain","optional":true},"form_api_version":{"type":"string","description":"Exact namespaced Form group/version recorded in state; reads dispatch on this exact identity.","description_kind":"plain","computed":true},"form_definition_version":{"type":"string","description":"Exact immutable Form definition version recorded in state.","description_kind":"plain","computed":true},"form_kind":{"type":"string","description":"Exact Form kind recorded in state.","description_kind":"plain","computed":true},"form_package_digest":{"type":"string","description":"Audit-only digest of the Form Package this provider build carries for the exact FormRef. It is distribution provenance, never resource identity, and never enters queries or fences.","description_kind":"plain","computed":true},"form_schema_digest":{"type":"string","description":"Exact immutable Form schema digest recorded in state.","description_kind":"plain","computed":true},"generation":{"type":"string","description":"Canonical decimal desired-state generation; increments only when the portable desired spec changes. Update fences carry it as the expected generation.","description_kind":"plain","computed":true},"hostname":{"type":"string","description":"Canonical DNS hostname assigned by the host. Its shape is host detail and must not be reconstructed. Computed by the host; a configuration cannot set it.","description_kind":"plain","computed":true},"name":{"type":"string","description":"Portable resource name (metadata.name). Changing it replaces the resource.","description_kind":"plain","required":true},"outputs_json":{"type":"string","description":"JSON-serialized status.outputs document of the last read or apply; \"{}\" when the Form publishes no outputs.","description_kind":"plain","computed":true},"pending_operation_id":{"type":"string","description":"Internal recovery only. Host operation id of a mutation the host accepted but that did not reach a terminal state before the operation deadline; null in steady state and cleared by the next successful read or apply. It is not resource identity and configurations must not depend on it.","description_kind":"plain","computed":true},"ready":{"type":"bool","description":"Derived convenience: true when `conditions` carries the closed Ready condition with status True. Read `conditions` for the reason a resource is not ready.","description_kind":"plain","computed":true},"relation_drift_reason":{"type":"string","description":"Internal recovery only. The portable condition reason (\"ExternalChange\" or \"DependencyMissing\") when the host reports that a resource this one references was replaced or removed out of band; null in steady state and cleared by the next successful read or apply. It is not desired state, it is not part of the portable wire spec, and configurations must not depend on it.","description_kind":"plain","computed":true},"revision":{"type":"string","description":"Canonical decimal representation revision; increments whenever the full representation changes, including when a change to another resource re-renders this one. It is the strong ETag, not the delete fence.","description_kind":"plain","computed":true},"service":{"type":"string","description":"Container Service whose active traffic receives HTTPS requests. Changing it replaces the endpoint. Set the name of the exact target container.forms.takoform.com/ContainerService resource.","description_kind":"plain","required":true},"space":{"type":"string","description":"Exact opaque SpaceID for this resource. Overrides the provider default; changing it replaces the resource.","description_kind":"plain","optional":true,"computed":true},"uid":{"type":"string","description":"Host-issued immutable resource identity. Delete followed by re-create of the same name yields a new UID.","description_kind":"plain","computed":true},"url":{"type":"string","description":"Exactly https:// plus the assigned hostname and a root slash. Computed by the host; a configuration cannot set it.","description_kind":"plain","computed":true}},"description":"Host-assigned HTTPS reachability for the active Container Traffic. The address is output, not desired state, and remains stable for the attachment UID. Role: attachment (Host API v1beta1 lane).","description_kind":"plain"}},"takoform_container_revision":{"version":1,"block":{"attributes":{"args":{"type":["list","string"],"description":"Optional process argument override. Without it the image's default arguments apply; argument order is preserved.","description_kind":"plain","optional":true},"command":{"type":["list","string"],"description":"Optional process entrypoint override. Without it the image's declared entrypoint applies; argument order is preserved.","description_kind":"plain","optional":true},"concurrency_target":{"type":"number","description":"Maximum concurrent HTTP requests delivered to one ready instance.","description_kind":"plain","required":true},"conditions":{"nested_type":{"attributes":{"host_reason":{"type":"string","description":"Host-specific, non-portable detail naming exactly what is wrong — a relation pointer, both sides of an incarnation change, a missing handler. Null when the host supplies none, and never a value to branch on.","description_kind":"plain","computed":true},"last_transition_time":{"type":"string","description":"RFC 3339 time this condition last changed status.","description_kind":"plain","computed":true},"message":{"type":"string","description":"Human-readable detail, null when the host supplies none.","description_kind":"plain","computed":true},"observed_generation":{"type":"string","description":"The desired-state generation this status reflects. When it lags `generation`, the host has not yet observed the newest desired spec.","description_kind":"plain","computed":true},"reason":{"type":"string","description":"Closed portable reason. Two conforming hosts name one state with one reason, so this is the member to branch on.","description_kind":"plain","computed":true},"status":{"type":"string","description":"`True`, `False`, or `Unknown`.","description_kind":"plain","computed":true},"type":{"type":"string","description":"Closed condition type: `Ready`, `Reconciling`, `Degraded`, `Drifted`, `Blocked`, or `Deleting`.","description_kind":"plain","computed":true}},"nesting_mode":"list"},"description":"Every status condition the host reports, in the order it reports them. Conditions are host-owned rendered state: they change when this resource changes AND when another resource this one depends on changes, without any desired spec changing.","description_kind":"plain","computed":true},"cpu":{"type":"number","description":"Compute allocation for one serving instance, in millicpu units.","description_kind":"plain","required":true},"create_timeout":{"type":"string","description":"Overall create deadline as a Go duration (default \"20m\").","description_kind":"plain","optional":true},"delete_timeout":{"type":"string","description":"Overall delete deadline as a Go duration (default \"30m\").","description_kind":"plain","optional":true},"external_services":{"nested_type":{"attributes":{"name":{"type":"string","description":"SCREAMING_SNAKE slot name; the runtime members are projected under it.","description_kind":"plain","required":true},"protocol":{"type":"string","description":"Opaque normalized reverse-DNS protocol identifier. The Host must advertise exact support; the provider does not maintain a protocol registry.","description_kind":"plain","required":true},"required":{"type":"bool","description":"Whether the host must satisfy this slot for the resource to be Ready. Defaults to true.","description_kind":"plain","optional":true,"computed":true}},"nesting_mode":"list"},"description":"Sealed slots naming only a standard protocol and a projected NAME. The host resolves endpoint and credentials out of band; neither is portable state. Omitting it declares no external service. Omitting it means the empty list `[]`.","description_kind":"plain","optional":true,"computed":true},"form_api_version":{"type":"string","description":"Exact namespaced Form group/version recorded in state; reads dispatch on this exact identity.","description_kind":"plain","computed":true},"form_definition_version":{"type":"string","description":"Exact immutable Form definition version recorded in state.","description_kind":"plain","computed":true},"form_kind":{"type":"string","description":"Exact Form kind recorded in state.","description_kind":"plain","computed":true},"form_package_digest":{"type":"string","description":"Audit-only digest of the Form Package this provider build carries for the exact FormRef. It is distribution provenance, never resource identity, and never enters queries or fences.","description_kind":"plain","computed":true},"form_schema_digest":{"type":"string","description":"Exact immutable Form schema digest recorded in state.","description_kind":"plain","computed":true},"generation":{"type":"string","description":"Canonical decimal desired-state generation; increments only when the portable desired spec changes. Update fences carry it as the expected generation.","description_kind":"plain","computed":true},"image":{"type":"string","description":"OCI image reference pinned by a sha256 digest. A mutable tag is not portable state; the host resolves and retains the digest-pinned image before serving.","description_kind":"plain","required":true},"max_instances":{"type":"number","description":"Upper bound on serving instances.","description_kind":"plain","required":true},"memory_mib":{"type":"number","description":"Usable memory bound for one serving instance, in MiB.","description_kind":"plain","required":true},"min_instances":{"type":"number","description":"Lower bound on serving instances. Zero permits scale-to-zero.","description_kind":"plain","required":true},"name":{"type":"string","description":"Portable resource name (metadata.name). Omit it and set `revision_owner` instead: this Form is an immutable revision, so the provider derives \"container-revision-\u003ccontent digest prefix\u003e-\u003cowner digest prefix\u003e\" from the revision's own content and its declared owner, and changed content is therefore a new revision beside the old one. Setting it pins the name, and the provider then refuses at plan time any change that would replace this revision under it.","description_kind":"plain","optional":true,"computed":true},"outputs_json":{"type":"string","description":"JSON-serialized status.outputs document of the last read or apply; \"{}\" when the Form publishes no outputs.","description_kind":"plain","computed":true},"pending_operation_id":{"type":"string","description":"Internal recovery only. Host operation id of a mutation the host accepted but that did not reach a terminal state before the operation deadline; null in steady state and cleared by the next successful read or apply. It is not resource identity and configurations must not depend on it.","description_kind":"plain","computed":true},"ready":{"type":"bool","description":"Derived convenience: true when `conditions` carries the closed Ready condition with status True. Read `conditions` for the reason a resource is not ready.","description_kind":"plain","computed":true},"relation_drift_reason":{"type":"string","description":"Internal recovery only. The portable condition reason (\"ExternalChange\" or \"DependencyMissing\") when the host reports that a resource this one references was replaced or removed out of band; null in steady state and cleared by the next successful read or apply. It is not desired state, it is not part of the portable wire spec, and configurations must not depend on it.","description_kind":"plain","computed":true},"required_sensitive_vars":{"type":["set","string"],"description":"Names of sensitive values the host must supply through its sealed path. Only names are portable state; omitting it requires no sensitive value. Omitting it means the empty list `[]`.","description_kind":"plain","optional":true,"computed":true},"revision":{"type":"string","description":"Canonical decimal representation revision; increments whenever the full representation changes, including when a change to another resource re-renders this one. It is the strong ETag, not the delete fence.","description_kind":"plain","computed":true},"revision_owner":{"type":"string","description":"Stable name of whatever owns this revision — the `takoform_module_worker` it belongs to is the usual answer. Required whenever `name` is omitted, because the derived name is a function of this revision's content and two owners built from identical content would otherwise derive one name and manage one host address. It is folded into the derived name as \"container-revision-\u003ccontent digest prefix\u003e-\u003cowner digest prefix\u003e\", never sent to the host, and never part of the portable desired spec. Changing it names a different revision, so it replaces this one.","description_kind":"plain","optional":true},"service":{"type":"string","description":"Container Service identity this immutable revision belongs to. Set the name of the exact target container.forms.takoform.com/ContainerService resource.","description_kind":"plain","required":true},"space":{"type":"string","description":"Exact opaque SpaceID for this resource. Overrides the provider default; changing it replaces the resource.","description_kind":"plain","optional":true,"computed":true},"timeout_seconds":{"type":"number","description":"Maximum wall-clock time for one request before the host fails it, in seconds.","description_kind":"plain","required":true},"uid":{"type":"string","description":"Host-issued immutable resource identity. Delete followed by re-create of the same name yields a new UID.","description_kind":"plain","computed":true},"vars_json":{"type":"string","description":"Non-secret configuration values projected into the process environment. Omitting it projects no variable; sensitive material never enters portable state. Omitting it means the empty object `{}`. Authored as one JSON object string (for example jsonencode({...})); the provider sends the parsed object.","description_kind":"plain","optional":true,"computed":true}},"description":"Immutable serving snapshot of one Container Service: a digest-pinned OCI image, process arguments, environment declarations, sealed slots, and resource and scaling bounds. Role: revision (Host API v1beta1 lane).","description_kind":"plain"}},"takoform_container_traffic":{"version":1,"block":{"attributes":{"conditions":{"nested_type":{"attributes":{"host_reason":{"type":"string","description":"Host-specific, non-portable detail naming exactly what is wrong — a relation pointer, both sides of an incarnation change, a missing handler. Null when the host supplies none, and never a value to branch on.","description_kind":"plain","computed":true},"last_transition_time":{"type":"string","description":"RFC 3339 time this condition last changed status.","description_kind":"plain","computed":true},"message":{"type":"string","description":"Human-readable detail, null when the host supplies none.","description_kind":"plain","computed":true},"observed_generation":{"type":"string","description":"The desired-state generation this status reflects. When it lags `generation`, the host has not yet observed the newest desired spec.","description_kind":"plain","computed":true},"reason":{"type":"string","description":"Closed portable reason. Two conforming hosts name one state with one reason, so this is the member to branch on.","description_kind":"plain","computed":true},"status":{"type":"string","description":"`True`, `False`, or `Unknown`.","description_kind":"plain","computed":true},"type":{"type":"string","description":"Closed condition type: `Ready`, `Reconciling`, `Degraded`, `Drifted`, `Blocked`, or `Deleting`.","description_kind":"plain","computed":true}},"nesting_mode":"list"},"description":"Every status condition the host reports, in the order it reports them. Conditions are host-owned rendered state: they change when this resource changes AND when another resource this one depends on changes, without any desired spec changing.","description_kind":"plain","computed":true},"create_timeout":{"type":"string","description":"Overall create deadline as a Go duration (default \"20m\").","description_kind":"plain","optional":true},"delete_timeout":{"type":"string","description":"Overall delete deadline as a Go duration (default \"30m\").","description_kind":"plain","optional":true},"form_api_version":{"type":"string","description":"Exact namespaced Form group/version recorded in state; reads dispatch on this exact identity.","description_kind":"plain","computed":true},"form_definition_version":{"type":"string","description":"Exact immutable Form definition version recorded in state.","description_kind":"plain","computed":true},"form_kind":{"type":"string","description":"Exact Form kind recorded in state.","description_kind":"plain","computed":true},"form_package_digest":{"type":"string","description":"Audit-only digest of the Form Package this provider build carries for the exact FormRef. It is distribution provenance, never resource identity, and never enters queries or fences.","description_kind":"plain","computed":true},"form_schema_digest":{"type":"string","description":"Exact immutable Form schema digest recorded in state.","description_kind":"plain","computed":true},"generation":{"type":"string","description":"Canonical decimal desired-state generation; increments only when the portable desired spec changes. Update fences carry it as the expected generation.","description_kind":"plain","computed":true},"name":{"type":"string","description":"Portable resource name (metadata.name). Changing it replaces the resource.","description_kind":"plain","required":true},"outputs_json":{"type":"string","description":"JSON-serialized status.outputs document of the last read or apply; \"{}\" when the Form publishes no outputs.","description_kind":"plain","computed":true},"pending_operation_id":{"type":"string","description":"Internal recovery only. Host operation id of a mutation the host accepted but that did not reach a terminal state before the operation deadline; null in steady state and cleared by the next successful read or apply. It is not resource identity and configurations must not depend on it.","description_kind":"plain","computed":true},"ready":{"type":"bool","description":"Derived convenience: true when `conditions` carries the closed Ready condition with status True. Read `conditions` for the reason a resource is not ready.","description_kind":"plain","computed":true},"relation_drift_reason":{"type":"string","description":"Internal recovery only. The portable condition reason (\"ExternalChange\" or \"DependencyMissing\") when the host reports that a resource this one references was replaced or removed out of band; null in steady state and cleared by the next successful read or apply. It is not desired state, it is not part of the portable wire spec, and configurations must not depend on it.","description_kind":"plain","computed":true},"revision":{"type":"string","description":"Canonical decimal representation revision; increments whenever the full representation changes, including when a change to another resource re-renders this one. It is the strong ETag, not the delete fence.","description_kind":"plain","computed":true},"revisions":{"nested_type":{"attributes":{"container_revision":{"type":"string","description":"Immutable revision selected by this traffic entry. Set the name of the exact target container.forms.takoform.com/ContainerRevision resource.","description_kind":"plain","required":true},"weight":{"type":"number","description":"Positive traffic weight in basis points.","description_kind":"plain","required":true}},"nesting_mode":"list"},"description":"One to eight selected Container Revisions and their positive basis-point weights. Weights are host-validated and must sum to exactly 10000.","description_kind":"plain","required":true},"service":{"type":"string","description":"Container Service governed by this traffic resource. There is at most one traffic resource per identity. Set the name of the exact target container.forms.takoform.com/ContainerService resource.","description_kind":"plain","required":true},"space":{"type":"string","description":"Exact opaque SpaceID for this resource. Overrides the provider default; changing it replaces the resource.","description_kind":"plain","optional":true,"computed":true},"uid":{"type":"string","description":"Host-issued immutable resource identity. Delete followed by re-create of the same name yields a new UID.","description_kind":"plain","computed":true},"update_timeout":{"type":"string","description":"Overall update deadline as a Go duration (default \"20m\").","description_kind":"plain","optional":true}},"description":"The one active basis-point traffic selection for a Container Service. One to eight immutable revisions carry positive weights totaling exactly 10000. Role: deployment (Host API v1beta1 lane).","description_kind":"plain"}},"takoform_dense_vector_index":{"version":1,"block":{"attributes":{"conditions":{"nested_type":{"attributes":{"host_reason":{"type":"string","description":"Host-specific, non-portable detail naming exactly what is wrong — a relation pointer, both sides of an incarnation change, a missing handler. Null when the host supplies none, and never a value to branch on.","description_kind":"plain","computed":true},"last_transition_time":{"type":"string","description":"RFC 3339 time this condition last changed status.","description_kind":"plain","computed":true},"message":{"type":"string","description":"Human-readable detail, null when the host supplies none.","description_kind":"plain","computed":true},"observed_generation":{"type":"string","description":"The desired-state generation this status reflects. When it lags `generation`, the host has not yet observed the newest desired spec.","description_kind":"plain","computed":true},"reason":{"type":"string","description":"Closed portable reason. Two conforming hosts name one state with one reason, so this is the member to branch on.","description_kind":"plain","computed":true},"status":{"type":"string","description":"`True`, `False`, or `Unknown`.","description_kind":"plain","computed":true},"type":{"type":"string","description":"Closed condition type: `Ready`, `Reconciling`, `Degraded`, `Drifted`, `Blocked`, or `Deleting`.","description_kind":"plain","computed":true}},"nesting_mode":"list"},"description":"Every status condition the host reports, in the order it reports them. Conditions are host-owned rendered state: they change when this resource changes AND when another resource this one depends on changes, without any desired spec changing.","description_kind":"plain","computed":true},"create_timeout":{"type":"string","description":"Overall create deadline as a Go duration (default \"20m\").","description_kind":"plain","optional":true},"delete_timeout":{"type":"string","description":"Overall delete deadline as a Go duration (default \"30m\").","description_kind":"plain","optional":true},"dimension":{"type":"number","description":"Embedding vector dimension fixed for the lifetime of this index. Changing it replaces the index and its records.","description_kind":"plain","required":true},"form_api_version":{"type":"string","description":"Exact namespaced Form group/version recorded in state; reads dispatch on this exact identity.","description_kind":"plain","computed":true},"form_definition_version":{"type":"string","description":"Exact immutable Form definition version recorded in state.","description_kind":"plain","computed":true},"form_kind":{"type":"string","description":"Exact Form kind recorded in state.","description_kind":"plain","computed":true},"form_package_digest":{"type":"string","description":"Audit-only digest of the Form Package this provider build carries for the exact FormRef. It is distribution provenance, never resource identity, and never enters queries or fences.","description_kind":"plain","computed":true},"form_schema_digest":{"type":"string","description":"Exact immutable Form schema digest recorded in state.","description_kind":"plain","computed":true},"generation":{"type":"string","description":"Canonical decimal desired-state generation; increments only when the portable desired spec changes. Update fences carry it as the expected generation.","description_kind":"plain","computed":true},"metric":{"type":"string","description":"Distance metric fixed for the lifetime of this dense index. Changing it replaces the index and its records.","description_kind":"plain","required":true},"name":{"type":"string","description":"Portable resource name (metadata.name). Changing it replaces the resource.","description_kind":"plain","required":true},"outputs_json":{"type":"string","description":"JSON-serialized status.outputs document of the last read or apply; \"{}\" when the Form publishes no outputs.","description_kind":"plain","computed":true},"pending_operation_id":{"type":"string","description":"Internal recovery only. Host operation id of a mutation the host accepted but that did not reach a terminal state before the operation deadline; null in steady state and cleared by the next successful read or apply. It is not resource identity and configurations must not depend on it.","description_kind":"plain","computed":true},"ready":{"type":"bool","description":"Derived convenience: true when `conditions` carries the closed Ready condition with status True. Read `conditions` for the reason a resource is not ready.","description_kind":"plain","computed":true},"relation_drift_reason":{"type":"string","description":"Internal recovery only. The portable condition reason (\"ExternalChange\" or \"DependencyMissing\") when the host reports that a resource this one references was replaced or removed out of band; null in steady state and cleared by the next successful read or apply. It is not desired state, it is not part of the portable wire spec, and configurations must not depend on it.","description_kind":"plain","computed":true},"revision":{"type":"string","description":"Canonical decimal representation revision; increments whenever the full representation changes, including when a change to another resource re-renders this one. It is the strong ETag, not the delete fence.","description_kind":"plain","computed":true},"space":{"type":"string","description":"Exact opaque SpaceID for this resource. Overrides the provider default; changing it replaces the resource.","description_kind":"plain","optional":true,"computed":true},"uid":{"type":"string","description":"Host-issued immutable resource identity. Delete followed by re-create of the same name yields a new UID.","description_kind":"plain","computed":true}},"description":"Fixed-dimension dense vector index with a creation-time distance metric. The vector.index Interface fixes namespaced whole-record upsert, read-after-write fetch, approximate top-k query, closed metadata filtering, and deletion; this identity carries only the embedding dimension and metric. Role: identity (Host API v1beta1 lane).","description_kind":"plain"}},"takoform_durable_workflow":{"version":1,"block":{"attributes":{"class_name":{"type":"string","description":"Class export name the serving module provides, in the JavaScript identifier grammar. Every weighted version of the active deployment must export it; one that does not keeps this workflow from becoming Ready, and creating an instance against it is refused rather than queued.","description_kind":"plain","required":true},"conditions":{"nested_type":{"attributes":{"host_reason":{"type":"string","description":"Host-specific, non-portable detail naming exactly what is wrong — a relation pointer, both sides of an incarnation change, a missing handler. Null when the host supplies none, and never a value to branch on.","description_kind":"plain","computed":true},"last_transition_time":{"type":"string","description":"RFC 3339 time this condition last changed status.","description_kind":"plain","computed":true},"message":{"type":"string","description":"Human-readable detail, null when the host supplies none.","description_kind":"plain","computed":true},"observed_generation":{"type":"string","description":"The desired-state generation this status reflects. When it lags `generation`, the host has not yet observed the newest desired spec.","description_kind":"plain","computed":true},"reason":{"type":"string","description":"Closed portable reason. Two conforming hosts name one state with one reason, so this is the member to branch on.","description_kind":"plain","computed":true},"status":{"type":"string","description":"`True`, `False`, or `Unknown`.","description_kind":"plain","computed":true},"type":{"type":"string","description":"Closed condition type: `Ready`, `Reconciling`, `Degraded`, `Drifted`, `Blocked`, or `Deleting`.","description_kind":"plain","computed":true}},"nesting_mode":"list"},"description":"Every status condition the host reports, in the order it reports them. Conditions are host-owned rendered state: they change when this resource changes AND when another resource this one depends on changes, without any desired spec changing.","description_kind":"plain","computed":true},"create_timeout":{"type":"string","description":"Overall create deadline as a Go duration (default \"20m\").","description_kind":"plain","optional":true},"delete_timeout":{"type":"string","description":"Overall delete deadline as a Go duration (default \"30m\").","description_kind":"plain","optional":true},"form_api_version":{"type":"string","description":"Exact namespaced Form group/version recorded in state; reads dispatch on this exact identity.","description_kind":"plain","computed":true},"form_definition_version":{"type":"string","description":"Exact immutable Form definition version recorded in state.","description_kind":"plain","computed":true},"form_kind":{"type":"string","description":"Exact Form kind recorded in state.","description_kind":"plain","computed":true},"form_package_digest":{"type":"string","description":"Audit-only digest of the Form Package this provider build carries for the exact FormRef. It is distribution provenance, never resource identity, and never enters queries or fences.","description_kind":"plain","computed":true},"form_schema_digest":{"type":"string","description":"Exact immutable Form schema digest recorded in state.","description_kind":"plain","computed":true},"generation":{"type":"string","description":"Canonical decimal desired-state generation; increments only when the portable desired spec changes. Update fences carry it as the expected generation.","description_kind":"plain","computed":true},"name":{"type":"string","description":"Portable resource name (metadata.name). Changing it replaces the resource.","description_kind":"plain","required":true},"outputs_json":{"type":"string","description":"JSON-serialized status.outputs document of the last read or apply; \"{}\" when the Form publishes no outputs.","description_kind":"plain","computed":true},"pending_operation_id":{"type":"string","description":"Internal recovery only. Host operation id of a mutation the host accepted but that did not reach a terminal state before the operation deadline; null in steady state and cleared by the next successful read or apply. It is not resource identity and configurations must not depend on it.","description_kind":"plain","computed":true},"ready":{"type":"bool","description":"Derived convenience: true when `conditions` carries the closed Ready condition with status True. Read `conditions` for the reason a resource is not ready.","description_kind":"plain","computed":true},"relation_drift_reason":{"type":"string","description":"Internal recovery only. The portable condition reason (\"ExternalChange\" or \"DependencyMissing\") when the host reports that a resource this one references was replaced or removed out of band; null in steady state and cleared by the next successful read or apply. It is not desired state, it is not part of the portable wire spec, and configurations must not depend on it.","description_kind":"plain","computed":true},"revision":{"type":"string","description":"Canonical decimal representation revision; increments whenever the full representation changes, including when a change to another resource re-renders this one. It is the strong ETag, not the delete fence.","description_kind":"plain","computed":true},"space":{"type":"string","description":"Exact opaque SpaceID for this resource. Overrides the provider default; changing it replaces the resource.","description_kind":"plain","optional":true,"computed":true},"uid":{"type":"string","description":"Host-issued immutable resource identity. Delete followed by re-create of the same name yields a new UID.","description_kind":"plain","computed":true},"worker":{"type":"string","description":"Module Worker identity whose active deployment serves this workflow class. Changing it replaces the workflow. Set the name of the exact target edge.forms.takoform.com/ModuleWorker resource.","description_kind":"plain","required":true}},"description":"Long-lived identity of one code-defined durable workflow: a class the worker's active deployment serves, whose instances survive process death. The Form fixes the execution model by identity — the worker.workflow@1.0.0 contract in its providedInterfaces states memoized replay, at-least-once step execution, the closed status vocabulary, and the two bounds that keep an instance finite. It carries NO implementation snapshot: which code answers is whatever the worker's active Worker Deployment selects, so behavior upgrades and rollback ride the deployment like any other traffic change. Instances are runtime data reached through module-worker.workflow bindings, never Resources. One worker carries at most one Durable Workflow per class name. Role: identity (Host API v1beta1 lane).","description_kind":"plain"}},"takoform_edge_kv_namespace":{"version":1,"block":{"attributes":{"conditions":{"nested_type":{"attributes":{"host_reason":{"type":"string","description":"Host-specific, non-portable detail naming exactly what is wrong — a relation pointer, both sides of an incarnation change, a missing handler. Null when the host supplies none, and never a value to branch on.","description_kind":"plain","computed":true},"last_transition_time":{"type":"string","description":"RFC 3339 time this condition last changed status.","description_kind":"plain","computed":true},"message":{"type":"string","description":"Human-readable detail, null when the host supplies none.","description_kind":"plain","computed":true},"observed_generation":{"type":"string","description":"The desired-state generation this status reflects. When it lags `generation`, the host has not yet observed the newest desired spec.","description_kind":"plain","computed":true},"reason":{"type":"string","description":"Closed portable reason. Two conforming hosts name one state with one reason, so this is the member to branch on.","description_kind":"plain","computed":true},"status":{"type":"string","description":"`True`, `False`, or `Unknown`.","description_kind":"plain","computed":true},"type":{"type":"string","description":"Closed condition type: `Ready`, `Reconciling`, `Degraded`, `Drifted`, `Blocked`, or `Deleting`.","description_kind":"plain","computed":true}},"nesting_mode":"list"},"description":"Every status condition the host reports, in the order it reports them. Conditions are host-owned rendered state: they change when this resource changes AND when another resource this one depends on changes, without any desired spec changing.","description_kind":"plain","computed":true},"create_timeout":{"type":"string","description":"Overall create deadline as a Go duration (default \"20m\").","description_kind":"plain","optional":true},"delete_timeout":{"type":"string","description":"Overall delete deadline as a Go duration (default \"30m\").","description_kind":"plain","optional":true},"form_api_version":{"type":"string","description":"Exact namespaced Form group/version recorded in state; reads dispatch on this exact identity.","description_kind":"plain","computed":true},"form_definition_version":{"type":"string","description":"Exact immutable Form definition version recorded in state.","description_kind":"plain","computed":true},"form_kind":{"type":"string","description":"Exact Form kind recorded in state.","description_kind":"plain","computed":true},"form_package_digest":{"type":"string","description":"Audit-only digest of the Form Package this provider build carries for the exact FormRef. It is distribution provenance, never resource identity, and never enters queries or fences.","description_kind":"plain","computed":true},"form_schema_digest":{"type":"string","description":"Exact immutable Form schema digest recorded in state.","description_kind":"plain","computed":true},"generation":{"type":"string","description":"Canonical decimal desired-state generation; increments only when the portable desired spec changes. Update fences carry it as the expected generation.","description_kind":"plain","computed":true},"name":{"type":"string","description":"Portable resource name (metadata.name). Changing it replaces the resource.","description_kind":"plain","required":true},"outputs_json":{"type":"string","description":"JSON-serialized status.outputs document of the last read or apply; \"{}\" when the Form publishes no outputs.","description_kind":"plain","computed":true},"pending_operation_id":{"type":"string","description":"Internal recovery only. Host operation id of a mutation the host accepted but that did not reach a terminal state before the operation deadline; null in steady state and cleared by the next successful read or apply. It is not resource identity and configurations must not depend on it.","description_kind":"plain","computed":true},"ready":{"type":"bool","description":"Derived convenience: true when `conditions` carries the closed Ready condition with status True. Read `conditions` for the reason a resource is not ready.","description_kind":"plain","computed":true},"relation_drift_reason":{"type":"string","description":"Internal recovery only. The portable condition reason (\"ExternalChange\" or \"DependencyMissing\") when the host reports that a resource this one references was replaced or removed out of band; null in steady state and cleared by the next successful read or apply. It is not desired state, it is not part of the portable wire spec, and configurations must not depend on it.","description_kind":"plain","computed":true},"revision":{"type":"string","description":"Canonical decimal representation revision; increments whenever the full representation changes, including when a change to another resource re-renders this one. It is the strong ETag, not the delete fence.","description_kind":"plain","computed":true},"space":{"type":"string","description":"Exact opaque SpaceID for this resource. Overrides the provider default; changing it replaces the resource.","description_kind":"plain","optional":true,"computed":true},"uid":{"type":"string","description":"Host-issued immutable resource identity. Delete followed by re-create of the same name yields a new UID.","description_kind":"plain","computed":true}},"description":"Globally replicated key/value namespace of opaque BYTES with eventual consistency, exactly as fixed by the edge.kv Interface. Eventual consistency is the Form's semantics, not an option: a store with different convergence behavior is a different Form, and this one promises no read-your-writes, in any session, at any location. Values are byte strings carried in the family's encoded-bytes shape, so the declared byte limit and the structural string ceiling measure the same thing (decision 0020). Role: identity (Host API v1beta1 lane).","description_kind":"plain"}},"takoform_function":{"version":1,"block":{"attributes":{"conditions":{"nested_type":{"attributes":{"host_reason":{"type":"string","description":"Host-specific, non-portable detail naming exactly what is wrong — a relation pointer, both sides of an incarnation change, a missing handler. Null when the host supplies none, and never a value to branch on.","description_kind":"plain","computed":true},"last_transition_time":{"type":"string","description":"RFC 3339 time this condition last changed status.","description_kind":"plain","computed":true},"message":{"type":"string","description":"Human-readable detail, null when the host supplies none.","description_kind":"plain","computed":true},"observed_generation":{"type":"string","description":"The desired-state generation this status reflects. When it lags `generation`, the host has not yet observed the newest desired spec.","description_kind":"plain","computed":true},"reason":{"type":"string","description":"Closed portable reason. Two conforming hosts name one state with one reason, so this is the member to branch on.","description_kind":"plain","computed":true},"status":{"type":"string","description":"`True`, `False`, or `Unknown`.","description_kind":"plain","computed":true},"type":{"type":"string","description":"Closed condition type: `Ready`, `Reconciling`, `Degraded`, `Drifted`, `Blocked`, or `Deleting`.","description_kind":"plain","computed":true}},"nesting_mode":"list"},"description":"Every status condition the host reports, in the order it reports them. Conditions are host-owned rendered state: they change when this resource changes AND when another resource this one depends on changes, without any desired spec changing.","description_kind":"plain","computed":true},"create_timeout":{"type":"string","description":"Overall create deadline as a Go duration (default \"20m\").","description_kind":"plain","optional":true},"delete_timeout":{"type":"string","description":"Overall delete deadline as a Go duration (default \"30m\").","description_kind":"plain","optional":true},"form_api_version":{"type":"string","description":"Exact namespaced Form group/version recorded in state; reads dispatch on this exact identity.","description_kind":"plain","computed":true},"form_definition_version":{"type":"string","description":"Exact immutable Form definition version recorded in state.","description_kind":"plain","computed":true},"form_kind":{"type":"string","description":"Exact Form kind recorded in state.","description_kind":"plain","computed":true},"form_package_digest":{"type":"string","description":"Audit-only digest of the Form Package this provider build carries for the exact FormRef. It is distribution provenance, never resource identity, and never enters queries or fences.","description_kind":"plain","computed":true},"form_schema_digest":{"type":"string","description":"Exact immutable Form schema digest recorded in state.","description_kind":"plain","computed":true},"generation":{"type":"string","description":"Canonical decimal desired-state generation; increments only when the portable desired spec changes. Update fences carry it as the expected generation.","description_kind":"plain","computed":true},"name":{"type":"string","description":"Portable resource name (metadata.name). Changing it replaces the resource.","description_kind":"plain","required":true},"outputs_json":{"type":"string","description":"JSON-serialized status.outputs document of the last read or apply; \"{}\" when the Form publishes no outputs.","description_kind":"plain","computed":true},"pending_operation_id":{"type":"string","description":"Internal recovery only. Host operation id of a mutation the host accepted but that did not reach a terminal state before the operation deadline; null in steady state and cleared by the next successful read or apply. It is not resource identity and configurations must not depend on it.","description_kind":"plain","computed":true},"ready":{"type":"bool","description":"Derived convenience: true when `conditions` carries the closed Ready condition with status True. Read `conditions` for the reason a resource is not ready.","description_kind":"plain","computed":true},"relation_drift_reason":{"type":"string","description":"Internal recovery only. The portable condition reason (\"ExternalChange\" or \"DependencyMissing\") when the host reports that a resource this one references was replaced or removed out of band; null in steady state and cleared by the next successful read or apply. It is not desired state, it is not part of the portable wire spec, and configurations must not depend on it.","description_kind":"plain","computed":true},"revision":{"type":"string","description":"Canonical decimal representation revision; increments whenever the full representation changes, including when a change to another resource re-renders this one. It is the strong ETag, not the delete fence.","description_kind":"plain","computed":true},"space":{"type":"string","description":"Exact opaque SpaceID for this resource. Overrides the provider default; changing it replaces the resource.","description_kind":"plain","optional":true,"computed":true},"uid":{"type":"string","description":"Host-issued immutable resource identity. Delete followed by re-create of the same name yields a new UID.","description_kind":"plain","computed":true}},"description":"Logical identity of one regional JavaScript function. Code, configuration, resource bounds, and traffic are represented by the surrounding revision and deployment Forms; this identity carries no desired fields. Role: identity (Host API v1beta1 lane).","description_kind":"plain"}},"takoform_function_deployment":{"version":1,"block":{"attributes":{"conditions":{"nested_type":{"attributes":{"host_reason":{"type":"string","description":"Host-specific, non-portable detail naming exactly what is wrong — a relation pointer, both sides of an incarnation change, a missing handler. Null when the host supplies none, and never a value to branch on.","description_kind":"plain","computed":true},"last_transition_time":{"type":"string","description":"RFC 3339 time this condition last changed status.","description_kind":"plain","computed":true},"message":{"type":"string","description":"Human-readable detail, null when the host supplies none.","description_kind":"plain","computed":true},"observed_generation":{"type":"string","description":"The desired-state generation this status reflects. When it lags `generation`, the host has not yet observed the newest desired spec.","description_kind":"plain","computed":true},"reason":{"type":"string","description":"Closed portable reason. Two conforming hosts name one state with one reason, so this is the member to branch on.","description_kind":"plain","computed":true},"status":{"type":"string","description":"`True`, `False`, or `Unknown`.","description_kind":"plain","computed":true},"type":{"type":"string","description":"Closed condition type: `Ready`, `Reconciling`, `Degraded`, `Drifted`, `Blocked`, or `Deleting`.","description_kind":"plain","computed":true}},"nesting_mode":"list"},"description":"Every status condition the host reports, in the order it reports them. Conditions are host-owned rendered state: they change when this resource changes AND when another resource this one depends on changes, without any desired spec changing.","description_kind":"plain","computed":true},"create_timeout":{"type":"string","description":"Overall create deadline as a Go duration (default \"20m\").","description_kind":"plain","optional":true},"delete_timeout":{"type":"string","description":"Overall delete deadline as a Go duration (default \"30m\").","description_kind":"plain","optional":true},"form_api_version":{"type":"string","description":"Exact namespaced Form group/version recorded in state; reads dispatch on this exact identity.","description_kind":"plain","computed":true},"form_definition_version":{"type":"string","description":"Exact immutable Form definition version recorded in state.","description_kind":"plain","computed":true},"form_kind":{"type":"string","description":"Exact Form kind recorded in state.","description_kind":"plain","computed":true},"form_package_digest":{"type":"string","description":"Audit-only digest of the Form Package this provider build carries for the exact FormRef. It is distribution provenance, never resource identity, and never enters queries or fences.","description_kind":"plain","computed":true},"form_schema_digest":{"type":"string","description":"Exact immutable Form schema digest recorded in state.","description_kind":"plain","computed":true},"function":{"type":"string","description":"Function identity governed by this deployment. There is at most one deployment per identity. Set the name of the exact target function.forms.takoform.com/Function resource.","description_kind":"plain","required":true},"generation":{"type":"string","description":"Canonical decimal desired-state generation; increments only when the portable desired spec changes. Update fences carry it as the expected generation.","description_kind":"plain","computed":true},"name":{"type":"string","description":"Portable resource name (metadata.name). Changing it replaces the resource.","description_kind":"plain","required":true},"outputs_json":{"type":"string","description":"JSON-serialized status.outputs document of the last read or apply; \"{}\" when the Form publishes no outputs.","description_kind":"plain","computed":true},"pending_operation_id":{"type":"string","description":"Internal recovery only. Host operation id of a mutation the host accepted but that did not reach a terminal state before the operation deadline; null in steady state and cleared by the next successful read or apply. It is not resource identity and configurations must not depend on it.","description_kind":"plain","computed":true},"ready":{"type":"bool","description":"Derived convenience: true when `conditions` carries the closed Ready condition with status True. Read `conditions` for the reason a resource is not ready.","description_kind":"plain","computed":true},"relation_drift_reason":{"type":"string","description":"Internal recovery only. The portable condition reason (\"ExternalChange\" or \"DependencyMissing\") when the host reports that a resource this one references was replaced or removed out of band; null in steady state and cleared by the next successful read or apply. It is not desired state, it is not part of the portable wire spec, and configurations must not depend on it.","description_kind":"plain","computed":true},"revision":{"type":"string","description":"Canonical decimal representation revision; increments whenever the full representation changes, including when a change to another resource re-renders this one. It is the strong ETag, not the delete fence.","description_kind":"plain","computed":true},"space":{"type":"string","description":"Exact opaque SpaceID for this resource. Overrides the provider default; changing it replaces the resource.","description_kind":"plain","optional":true,"computed":true},"uid":{"type":"string","description":"Host-issued immutable resource identity. Delete followed by re-create of the same name yields a new UID.","description_kind":"plain","computed":true},"update_timeout":{"type":"string","description":"Overall update deadline as a Go duration (default \"20m\").","description_kind":"plain","optional":true},"versions":{"nested_type":{"attributes":{"function_version":{"type":"string","description":"Immutable version selected by this traffic entry. Set the name of the exact target function.forms.takoform.com/FunctionVersion resource.","description_kind":"plain","required":true},"weight":{"type":"number","description":"Positive traffic weight in basis points.","description_kind":"plain","required":true}},"nesting_mode":"list"},"description":"One or two selected Function Versions and their positive basis-point weights. Weights are host-validated and must sum to exactly 10000.","description_kind":"plain","required":true}},"description":"The one active traffic selection for a Function. One or two immutable versions carry positive basis-point weights totaling exactly 10000. Role: deployment (Host API v1beta1 lane).","description_kind":"plain"}},"takoform_function_endpoint":{"version":1,"block":{"attributes":{"conditions":{"nested_type":{"attributes":{"host_reason":{"type":"string","description":"Host-specific, non-portable detail naming exactly what is wrong — a relation pointer, both sides of an incarnation change, a missing handler. Null when the host supplies none, and never a value to branch on.","description_kind":"plain","computed":true},"last_transition_time":{"type":"string","description":"RFC 3339 time this condition last changed status.","description_kind":"plain","computed":true},"message":{"type":"string","description":"Human-readable detail, null when the host supplies none.","description_kind":"plain","computed":true},"observed_generation":{"type":"string","description":"The desired-state generation this status reflects. When it lags `generation`, the host has not yet observed the newest desired spec.","description_kind":"plain","computed":true},"reason":{"type":"string","description":"Closed portable reason. Two conforming hosts name one state with one reason, so this is the member to branch on.","description_kind":"plain","computed":true},"status":{"type":"string","description":"`True`, `False`, or `Unknown`.","description_kind":"plain","computed":true},"type":{"type":"string","description":"Closed condition type: `Ready`, `Reconciling`, `Degraded`, `Drifted`, `Blocked`, or `Deleting`.","description_kind":"plain","computed":true}},"nesting_mode":"list"},"description":"Every status condition the host reports, in the order it reports them. Conditions are host-owned rendered state: they change when this resource changes AND when another resource this one depends on changes, without any desired spec changing.","description_kind":"plain","computed":true},"create_timeout":{"type":"string","description":"Overall create deadline as a Go duration (default \"20m\").","description_kind":"plain","optional":true},"delete_timeout":{"type":"string","description":"Overall delete deadline as a Go duration (default \"30m\").","description_kind":"plain","optional":true},"form_api_version":{"type":"string","description":"Exact namespaced Form group/version recorded in state; reads dispatch on this exact identity.","description_kind":"plain","computed":true},"form_definition_version":{"type":"string","description":"Exact immutable Form definition version recorded in state.","description_kind":"plain","computed":true},"form_kind":{"type":"string","description":"Exact Form kind recorded in state.","description_kind":"plain","computed":true},"form_package_digest":{"type":"string","description":"Audit-only digest of the Form Package this provider build carries for the exact FormRef. It is distribution provenance, never resource identity, and never enters queries or fences.","description_kind":"plain","computed":true},"form_schema_digest":{"type":"string","description":"Exact immutable Form schema digest recorded in state.","description_kind":"plain","computed":true},"function":{"type":"string","description":"Function whose active deployment receives HTTPS requests. Changing it replaces the endpoint. Set the name of the exact target function.forms.takoform.com/Function resource.","description_kind":"plain","required":true},"generation":{"type":"string","description":"Canonical decimal desired-state generation; increments only when the portable desired spec changes. Update fences carry it as the expected generation.","description_kind":"plain","computed":true},"hostname":{"type":"string","description":"Canonical DNS hostname assigned by the host. Its shape is host detail and must not be reconstructed. Computed by the host; a configuration cannot set it.","description_kind":"plain","computed":true},"name":{"type":"string","description":"Portable resource name (metadata.name). Changing it replaces the resource.","description_kind":"plain","required":true},"outputs_json":{"type":"string","description":"JSON-serialized status.outputs document of the last read or apply; \"{}\" when the Form publishes no outputs.","description_kind":"plain","computed":true},"pending_operation_id":{"type":"string","description":"Internal recovery only. Host operation id of a mutation the host accepted but that did not reach a terminal state before the operation deadline; null in steady state and cleared by the next successful read or apply. It is not resource identity and configurations must not depend on it.","description_kind":"plain","computed":true},"ready":{"type":"bool","description":"Derived convenience: true when `conditions` carries the closed Ready condition with status True. Read `conditions` for the reason a resource is not ready.","description_kind":"plain","computed":true},"relation_drift_reason":{"type":"string","description":"Internal recovery only. The portable condition reason (\"ExternalChange\" or \"DependencyMissing\") when the host reports that a resource this one references was replaced or removed out of band; null in steady state and cleared by the next successful read or apply. It is not desired state, it is not part of the portable wire spec, and configurations must not depend on it.","description_kind":"plain","computed":true},"revision":{"type":"string","description":"Canonical decimal representation revision; increments whenever the full representation changes, including when a change to another resource re-renders this one. It is the strong ETag, not the delete fence.","description_kind":"plain","computed":true},"space":{"type":"string","description":"Exact opaque SpaceID for this resource. Overrides the provider default; changing it replaces the resource.","description_kind":"plain","optional":true,"computed":true},"uid":{"type":"string","description":"Host-issued immutable resource identity. Delete followed by re-create of the same name yields a new UID.","description_kind":"plain","computed":true},"url":{"type":"string","description":"Exactly https:// plus the assigned hostname and a root slash. Computed by the host; a configuration cannot set it.","description_kind":"plain","computed":true}},"description":"Host-assigned HTTPS reachability for the active Function Deployment. The address is output, not desired state, and remains stable for the attachment UID. Role: attachment (Host API v1beta1 lane).","description_kind":"plain"}},"takoform_function_version":{"version":1,"block":{"attributes":{"artifact":{"type":"string","description":"Digest of the committed FunctionBundle artifact manifest. The host resolves and verifies the manifest before storing this revision; a mutable URL or tag is not portable state.","description_kind":"plain","required":true},"conditions":{"nested_type":{"attributes":{"host_reason":{"type":"string","description":"Host-specific, non-portable detail naming exactly what is wrong — a relation pointer, both sides of an incarnation change, a missing handler. Null when the host supplies none, and never a value to branch on.","description_kind":"plain","computed":true},"last_transition_time":{"type":"string","description":"RFC 3339 time this condition last changed status.","description_kind":"plain","computed":true},"message":{"type":"string","description":"Human-readable detail, null when the host supplies none.","description_kind":"plain","computed":true},"observed_generation":{"type":"string","description":"The desired-state generation this status reflects. When it lags `generation`, the host has not yet observed the newest desired spec.","description_kind":"plain","computed":true},"reason":{"type":"string","description":"Closed portable reason. Two conforming hosts name one state with one reason, so this is the member to branch on.","description_kind":"plain","computed":true},"status":{"type":"string","description":"`True`, `False`, or `Unknown`.","description_kind":"plain","computed":true},"type":{"type":"string","description":"Closed condition type: `Ready`, `Reconciling`, `Degraded`, `Drifted`, `Blocked`, or `Deleting`.","description_kind":"plain","computed":true}},"nesting_mode":"list"},"description":"Every status condition the host reports, in the order it reports them. Conditions are host-owned rendered state: they change when this resource changes AND when another resource this one depends on changes, without any desired spec changing.","description_kind":"plain","computed":true},"create_timeout":{"type":"string","description":"Overall create deadline as a Go duration (default \"20m\").","description_kind":"plain","optional":true},"delete_timeout":{"type":"string","description":"Overall delete deadline as a Go duration (default \"30m\").","description_kind":"plain","optional":true},"external_services":{"nested_type":{"attributes":{"name":{"type":"string","description":"SCREAMING_SNAKE slot name; the runtime members are projected under it.","description_kind":"plain","required":true},"protocol":{"type":"string","description":"Opaque normalized reverse-DNS protocol identifier. The Host must advertise exact support; the provider does not maintain a protocol registry.","description_kind":"plain","required":true},"required":{"type":"bool","description":"Whether the host must satisfy this slot for the resource to be Ready. Defaults to true.","description_kind":"plain","optional":true,"computed":true}},"nesting_mode":"list"},"description":"Sealed slots naming only a standard protocol and a projected NAME. The host resolves endpoint and credentials out of band; neither is portable state. Omitting it declares no external service. Omitting it means the empty list `[]`.","description_kind":"plain","optional":true,"computed":true},"form_api_version":{"type":"string","description":"Exact namespaced Form group/version recorded in state; reads dispatch on this exact identity.","description_kind":"plain","computed":true},"form_definition_version":{"type":"string","description":"Exact immutable Form definition version recorded in state.","description_kind":"plain","computed":true},"form_kind":{"type":"string","description":"Exact Form kind recorded in state.","description_kind":"plain","computed":true},"form_package_digest":{"type":"string","description":"Audit-only digest of the Form Package this provider build carries for the exact FormRef. It is distribution provenance, never resource identity, and never enters queries or fences.","description_kind":"plain","computed":true},"form_schema_digest":{"type":"string","description":"Exact immutable Form schema digest recorded in state.","description_kind":"plain","computed":true},"function":{"type":"string","description":"Function identity this immutable version belongs to. Set the name of the exact target function.forms.takoform.com/Function resource.","description_kind":"plain","required":true},"generation":{"type":"string","description":"Canonical decimal desired-state generation; increments only when the portable desired spec changes. Update fences carry it as the expected generation.","description_kind":"plain","computed":true},"handler":{"type":"string","description":"Named export of the artifact's main module invoked for each event.","description_kind":"plain","required":true},"max_concurrency":{"type":"number","description":"Maximum simultaneous invocations served by one version environment.","description_kind":"plain","required":true},"memory_mib":{"type":"number","description":"Usable memory bound for one invocation environment, in MiB.","description_kind":"plain","required":true},"name":{"type":"string","description":"Portable resource name (metadata.name). Omit it and set `revision_owner` instead: this Form is an immutable revision, so the provider derives \"function-version-\u003ccontent digest prefix\u003e-\u003cowner digest prefix\u003e\" from the revision's own content and its declared owner, and changed content is therefore a new revision beside the old one. Setting it pins the name, and the provider then refuses at plan time any change that would replace this revision under it.","description_kind":"plain","optional":true,"computed":true},"outputs_json":{"type":"string","description":"JSON-serialized status.outputs document of the last read or apply; \"{}\" when the Form publishes no outputs.","description_kind":"plain","computed":true},"pending_operation_id":{"type":"string","description":"Internal recovery only. Host operation id of a mutation the host accepted but that did not reach a terminal state before the operation deadline; null in steady state and cleared by the next successful read or apply. It is not resource identity and configurations must not depend on it.","description_kind":"plain","computed":true},"ready":{"type":"bool","description":"Derived convenience: true when `conditions` carries the closed Ready condition with status True. Read `conditions` for the reason a resource is not ready.","description_kind":"plain","computed":true},"relation_drift_reason":{"type":"string","description":"Internal recovery only. The portable condition reason (\"ExternalChange\" or \"DependencyMissing\") when the host reports that a resource this one references was replaced or removed out of band; null in steady state and cleared by the next successful read or apply. It is not desired state, it is not part of the portable wire spec, and configurations must not depend on it.","description_kind":"plain","computed":true},"required_sensitive_vars":{"type":["set","string"],"description":"Names of sensitive values the host must supply through its sealed path. Only names are portable state; omitting it requires no sensitive value. Omitting it means the empty list `[]`.","description_kind":"plain","optional":true,"computed":true},"revision":{"type":"string","description":"Canonical decimal representation revision; increments whenever the full representation changes, including when a change to another resource re-renders this one. It is the strong ETag, not the delete fence.","description_kind":"plain","computed":true},"revision_owner":{"type":"string","description":"Stable name of whatever owns this revision — the `takoform_module_worker` it belongs to is the usual answer. Required whenever `name` is omitted, because the derived name is a function of this revision's content and two owners built from identical content would otherwise derive one name and manage one host address. It is folded into the derived name as \"function-version-\u003ccontent digest prefix\u003e-\u003cowner digest prefix\u003e\", never sent to the host, and never part of the portable desired spec. Changing it names a different revision, so it replaces this one.","description_kind":"plain","optional":true},"space":{"type":"string","description":"Exact opaque SpaceID for this resource. Overrides the provider default; changing it replaces the resource.","description_kind":"plain","optional":true,"computed":true},"timeout_seconds":{"type":"number","description":"Wall-clock invocation budget, in seconds. Expiry terminates the invocation.","description_kind":"plain","required":true},"uid":{"type":"string","description":"Host-issued immutable resource identity. Delete followed by re-create of the same name yields a new UID.","description_kind":"plain","computed":true},"vars_json":{"type":"string","description":"Non-secret configuration values projected into the process environment. Omitting it projects no variable; sensitive material never enters portable state. Omitting it means the empty object `{}`. Authored as one JSON object string (for example jsonencode({...})); the provider sends the parsed object.","description_kind":"plain","optional":true,"computed":true}},"description":"Immutable content-addressed executable snapshot of one Function: artifact manifest, handler, environment declarations, sealed slots, and invocation bounds. Role: revision (Host API v1beta1 lane).","description_kind":"plain"}},"takoform_message_schedule":{"version":1,"block":{"attributes":{"conditions":{"nested_type":{"attributes":{"host_reason":{"type":"string","description":"Host-specific, non-portable detail naming exactly what is wrong — a relation pointer, both sides of an incarnation change, a missing handler. Null when the host supplies none, and never a value to branch on.","description_kind":"plain","computed":true},"last_transition_time":{"type":"string","description":"RFC 3339 time this condition last changed status.","description_kind":"plain","computed":true},"message":{"type":"string","description":"Human-readable detail, null when the host supplies none.","description_kind":"plain","computed":true},"observed_generation":{"type":"string","description":"The desired-state generation this status reflects. When it lags `generation`, the host has not yet observed the newest desired spec.","description_kind":"plain","computed":true},"reason":{"type":"string","description":"Closed portable reason. Two conforming hosts name one state with one reason, so this is the member to branch on.","description_kind":"plain","computed":true},"status":{"type":"string","description":"`True`, `False`, or `Unknown`.","description_kind":"plain","computed":true},"type":{"type":"string","description":"Closed condition type: `Ready`, `Reconciling`, `Degraded`, `Drifted`, `Blocked`, or `Deleting`.","description_kind":"plain","computed":true}},"nesting_mode":"list"},"description":"Every status condition the host reports, in the order it reports them. Conditions are host-owned rendered state: they change when this resource changes AND when another resource this one depends on changes, without any desired spec changing.","description_kind":"plain","computed":true},"create_timeout":{"type":"string","description":"Overall create deadline as a Go duration (default \"20m\").","description_kind":"plain","optional":true},"cron":{"type":"string","description":"Portable five-field cron expression, interpreted in UTC only. A host also parses it and refuses values outside each field's domain, inverted ranges, and out-of-span steps.","description_kind":"plain","required":true},"delete_timeout":{"type":"string","description":"Overall delete deadline as a Go duration (default \"30m\").","description_kind":"plain","optional":true},"form_api_version":{"type":"string","description":"Exact namespaced Form group/version recorded in state; reads dispatch on this exact identity.","description_kind":"plain","computed":true},"form_definition_version":{"type":"string","description":"Exact immutable Form definition version recorded in state.","description_kind":"plain","computed":true},"form_kind":{"type":"string","description":"Exact Form kind recorded in state.","description_kind":"plain","computed":true},"form_package_digest":{"type":"string","description":"Audit-only digest of the Form Package this provider build carries for the exact FormRef. It is distribution provenance, never resource identity, and never enters queries or fences.","description_kind":"plain","computed":true},"form_schema_digest":{"type":"string","description":"Exact immutable Form schema digest recorded in state.","description_kind":"plain","computed":true},"generation":{"type":"string","description":"Canonical decimal desired-state generation; increments only when the portable desired spec changes. Update fences carry it as the expected generation.","description_kind":"plain","computed":true},"name":{"type":"string","description":"Portable resource name (metadata.name). Changing it replaces the resource.","description_kind":"plain","required":true},"outputs_json":{"type":"string","description":"JSON-serialized status.outputs document of the last read or apply; \"{}\" when the Form publishes no outputs.","description_kind":"plain","computed":true},"paused":{"type":"bool","description":"While true, matched windows are permanently skipped and are not replayed when unpaused. The field is required because the proposal declares no portable omission default.","description_kind":"plain","required":true},"pending_operation_id":{"type":"string","description":"Internal recovery only. Host operation id of a mutation the host accepted but that did not reach a terminal state before the operation deadline; null in steady state and cleared by the next successful read or apply. It is not resource identity and configurations must not depend on it.","description_kind":"plain","computed":true},"ready":{"type":"bool","description":"Derived convenience: true when `conditions` carries the closed Ready condition with status True. Read `conditions` for the reason a resource is not ready.","description_kind":"plain","computed":true},"relation_drift_reason":{"type":"string","description":"Internal recovery only. The portable condition reason (\"ExternalChange\" or \"DependencyMissing\") when the host reports that a resource this one references was replaced or removed out of band; null in steady state and cleared by the next successful read or apply. It is not desired state, it is not part of the portable wire spec, and configurations must not depend on it.","description_kind":"plain","computed":true},"retry_policy":{"nested_type":{"attributes":{"max_attempts":{"type":"number","description":"Maximum attempts for one matched window, counting the first attempt.","description_kind":"plain","required":true},"retry_delay_seconds":{"type":"number","description":"Fixed delay between failed attempts, in seconds.","description_kind":"plain","required":true}},"nesting_mode":"single"},"description":"Bounded fixed-delay retry policy for one matched window. maxAttempts includes the first attempt.","description_kind":"plain","required":true},"revision":{"type":"string","description":"Canonical decimal representation revision; increments whenever the full representation changes, including when a change to another resource re-renders this one. It is the strong ETag, not the delete fence.","description_kind":"plain","computed":true},"space":{"type":"string","description":"Exact opaque SpaceID for this resource. Overrides the provider default; changing it replaces the resource.","description_kind":"plain","optional":true,"computed":true},"target":{"nested_type":{"attributes":{"attributes":{"type":["map","string"],"description":"At most ten named string attributes. Attribute names use the portable map-key grammar; values contribute to the aggregate message bound with the body.","description_kind":"plain","required":true},"body":{"nested_type":{"attributes":{"data":{"type":"string","description":"UTF-8 message text whose encoded byte length contributes to the aggregate message limit.","description_kind":"plain","required":true},"encoding":{"type":"string","description":"Selects exactly one closed variant.","description_kind":"plain","required":true}},"nesting_mode":"single"},"description":"Message body as UTF-8 text or canonical RFC 4648 base64 bytes. The body and attributes together are bounded to 262144 bytes by the target Interface; the desired union keeps the encoding explicit.","description_kind":"plain","required":true},"queue":{"type":"string","description":"PullQueue providing queue.pull@1.0.0. The host pins the resolved resource's exact FormRef at admission. Set the name of the exact target queue.forms.takoform.com/PullQueue resource.","description_kind":"plain","optional":true},"topic":{"type":"string","description":"Topic providing topic.publish@1.0.0. The host pins the resolved resource's exact FormRef at admission. Set the name of the exact target topic.forms.takoform.com/Topic resource.","description_kind":"plain","optional":true},"type":{"type":"string","description":"Selects exactly one closed variant.","description_kind":"plain","required":true}},"nesting_mode":"single"},"description":"Exactly one message target: queueMessage sends to queue.pull@1.0.0, or topicPublish publishes to topic.publish@1.0.0. The target resource reference is explicit and uid-pinned.","description_kind":"plain","required":true},"uid":{"type":"string","description":"Host-issued immutable resource identity. Delete followed by re-create of the same name yields a new UID.","description_kind":"plain","computed":true},"update_timeout":{"type":"string","description":"Overall update deadline as a Go duration (default \"20m\").","description_kind":"plain","optional":true}},"description":"UTC five-field cron schedule that delivers one declared message at each matched window to either a PullQueue or Topic. Delivery is at least once; failed attempts use the declared bounded retry policy and missed windows are never replayed. Role: identity (Host API v1beta1 lane).","description_kind":"plain"}},"takoform_module_worker":{"version":1,"block":{"attributes":{"conditions":{"nested_type":{"attributes":{"host_reason":{"type":"string","description":"Host-specific, non-portable detail naming exactly what is wrong — a relation pointer, both sides of an incarnation change, a missing handler. Null when the host supplies none, and never a value to branch on.","description_kind":"plain","computed":true},"last_transition_time":{"type":"string","description":"RFC 3339 time this condition last changed status.","description_kind":"plain","computed":true},"message":{"type":"string","description":"Human-readable detail, null when the host supplies none.","description_kind":"plain","computed":true},"observed_generation":{"type":"string","description":"The desired-state generation this status reflects. When it lags `generation`, the host has not yet observed the newest desired spec.","description_kind":"plain","computed":true},"reason":{"type":"string","description":"Closed portable reason. Two conforming hosts name one state with one reason, so this is the member to branch on.","description_kind":"plain","computed":true},"status":{"type":"string","description":"`True`, `False`, or `Unknown`.","description_kind":"plain","computed":true},"type":{"type":"string","description":"Closed condition type: `Ready`, `Reconciling`, `Degraded`, `Drifted`, `Blocked`, or `Deleting`.","description_kind":"plain","computed":true}},"nesting_mode":"list"},"description":"Every status condition the host reports, in the order it reports them. Conditions are host-owned rendered state: they change when this resource changes AND when another resource this one depends on changes, without any desired spec changing.","description_kind":"plain","computed":true},"create_timeout":{"type":"string","description":"Overall create deadline as a Go duration (default \"20m\").","description_kind":"plain","optional":true},"delete_timeout":{"type":"string","description":"Overall delete deadline as a Go duration (default \"30m\").","description_kind":"plain","optional":true},"form_api_version":{"type":"string","description":"Exact namespaced Form group/version recorded in state; reads dispatch on this exact identity.","description_kind":"plain","computed":true},"form_definition_version":{"type":"string","description":"Exact immutable Form definition version recorded in state.","description_kind":"plain","computed":true},"form_kind":{"type":"string","description":"Exact Form kind recorded in state.","description_kind":"plain","computed":true},"form_package_digest":{"type":"string","description":"Audit-only digest of the Form Package this provider build carries for the exact FormRef. It is distribution provenance, never resource identity, and never enters queries or fences.","description_kind":"plain","computed":true},"form_schema_digest":{"type":"string","description":"Exact immutable Form schema digest recorded in state.","description_kind":"plain","computed":true},"generation":{"type":"string","description":"Canonical decimal desired-state generation; increments only when the portable desired spec changes. Update fences carry it as the expected generation.","description_kind":"plain","computed":true},"name":{"type":"string","description":"Portable resource name (metadata.name). Changing it replaces the resource.","description_kind":"plain","required":true},"outputs_json":{"type":"string","description":"JSON-serialized status.outputs document of the last read or apply; \"{}\" when the Form publishes no outputs.","description_kind":"plain","computed":true},"pending_operation_id":{"type":"string","description":"Internal recovery only. Host operation id of a mutation the host accepted but that did not reach a terminal state before the operation deadline; null in steady state and cleared by the next successful read or apply. It is not resource identity and configurations must not depend on it.","description_kind":"plain","computed":true},"ready":{"type":"bool","description":"Derived convenience: true when `conditions` carries the closed Ready condition with status True. Read `conditions` for the reason a resource is not ready.","description_kind":"plain","computed":true},"relation_drift_reason":{"type":"string","description":"Internal recovery only. The portable condition reason (\"ExternalChange\" or \"DependencyMissing\") when the host reports that a resource this one references was replaced or removed out of band; null in steady state and cleared by the next successful read or apply. It is not desired state, it is not part of the portable wire spec, and configurations must not depend on it.","description_kind":"plain","computed":true},"revision":{"type":"string","description":"Canonical decimal representation revision; increments whenever the full representation changes, including when a change to another resource re-renders this one. It is the strong ETag, not the delete fence.","description_kind":"plain","computed":true},"space":{"type":"string","description":"Exact opaque SpaceID for this resource. Overrides the provider default; changing it replaces the resource.","description_kind":"plain","optional":true,"computed":true},"uid":{"type":"string","description":"Host-issued immutable resource identity. Delete followed by re-create of the same name yields a new UID.","description_kind":"plain","computed":true}},"description":"Long-lived logical identity of one ES Module Worker application. The Form fixes the ES Module Worker ABI by identity, and states it exactly: the runtime contract worker.runtime@1.1.0 in this Form's providedInterfaces fixes the module's default-export shape, the fetch, scheduled, and queue handler signatures, the binding environment, ctx.waitUntil, exception handling, body streaming, the minimum Web API surface, and module loading. A host supporting this Form implements that exact digest; a runtime that behaves differently is a different contract version and a different Form version, never a compatibility date. Code, configuration, and bindings live on Worker Version revisions; traffic selection lives on Worker Deployments. Role: identity (Host API v1beta1 lane).","description_kind":"plain"}},"takoform_pull_queue":{"version":1,"block":{"attributes":{"conditions":{"nested_type":{"attributes":{"host_reason":{"type":"string","description":"Host-specific, non-portable detail naming exactly what is wrong — a relation pointer, both sides of an incarnation change, a missing handler. Null when the host supplies none, and never a value to branch on.","description_kind":"plain","computed":true},"last_transition_time":{"type":"string","description":"RFC 3339 time this condition last changed status.","description_kind":"plain","computed":true},"message":{"type":"string","description":"Human-readable detail, null when the host supplies none.","description_kind":"plain","computed":true},"observed_generation":{"type":"string","description":"The desired-state generation this status reflects. When it lags `generation`, the host has not yet observed the newest desired spec.","description_kind":"plain","computed":true},"reason":{"type":"string","description":"Closed portable reason. Two conforming hosts name one state with one reason, so this is the member to branch on.","description_kind":"plain","computed":true},"status":{"type":"string","description":"`True`, `False`, or `Unknown`.","description_kind":"plain","computed":true},"type":{"type":"string","description":"Closed condition type: `Ready`, `Reconciling`, `Degraded`, `Drifted`, `Blocked`, or `Deleting`.","description_kind":"plain","computed":true}},"nesting_mode":"list"},"description":"Every status condition the host reports, in the order it reports them. Conditions are host-owned rendered state: they change when this resource changes AND when another resource this one depends on changes, without any desired spec changing.","description_kind":"plain","computed":true},"create_timeout":{"type":"string","description":"Overall create deadline as a Go duration (default \"20m\").","description_kind":"plain","optional":true},"dead_letter":{"nested_type":{"attributes":{"max_receive_count":{"type":"number","description":"Receive count at which the next receive moves the message to queue instead of delivering it again. The count starts at one on first delivery.","description_kind":"plain","required":true},"queue":{"type":"string","description":"PullQueue that receives exhausted messages as new messages. It must not be this queue or close a dead-letter cycle; the host rejects self and cyclic resolved-UID graphs. Set the name of the exact target queue.forms.takoform.com/PullQueue resource.","description_kind":"plain","required":true}},"nesting_mode":"single"},"description":"Optional dead-letter policy. Without it, a message that exceeds its receive count is removed only by deletion or retention expiry; when present, the host moves an exhausted message to queue as a new message after maxReceiveCount.","description_kind":"plain","optional":true},"default_visibility_timeout_seconds":{"type":"number","description":"Default invisibility duration, in seconds, applied by receive when its visibility timeout is omitted. A received message becomes deliverable again after this duration unless deleted or its visibility is changed.","description_kind":"plain","required":true},"delete_timeout":{"type":"string","description":"Overall delete deadline as a Go duration (default \"30m\").","description_kind":"plain","optional":true},"form_api_version":{"type":"string","description":"Exact namespaced Form group/version recorded in state; reads dispatch on this exact identity.","description_kind":"plain","computed":true},"form_definition_version":{"type":"string","description":"Exact immutable Form definition version recorded in state.","description_kind":"plain","computed":true},"form_kind":{"type":"string","description":"Exact Form kind recorded in state.","description_kind":"plain","computed":true},"form_package_digest":{"type":"string","description":"Audit-only digest of the Form Package this provider build carries for the exact FormRef. It is distribution provenance, never resource identity, and never enters queries or fences.","description_kind":"plain","computed":true},"form_schema_digest":{"type":"string","description":"Exact immutable Form schema digest recorded in state.","description_kind":"plain","computed":true},"generation":{"type":"string","description":"Canonical decimal desired-state generation; increments only when the portable desired spec changes. Update fences carry it as the expected generation.","description_kind":"plain","computed":true},"message_retention_seconds":{"type":"number","description":"Maximum lifetime, in seconds, of an undeleted message. A message older than this bound expires and is removed.","description_kind":"plain","required":true},"name":{"type":"string","description":"Portable resource name (metadata.name). Changing it replaces the resource.","description_kind":"plain","required":true},"outputs_json":{"type":"string","description":"JSON-serialized status.outputs document of the last read or apply; \"{}\" when the Form publishes no outputs.","description_kind":"plain","computed":true},"pending_operation_id":{"type":"string","description":"Internal recovery only. Host operation id of a mutation the host accepted but that did not reach a terminal state before the operation deadline; null in steady state and cleared by the next successful read or apply. It is not resource identity and configurations must not depend on it.","description_kind":"plain","computed":true},"ready":{"type":"bool","description":"Derived convenience: true when `conditions` carries the closed Ready condition with status True. Read `conditions` for the reason a resource is not ready.","description_kind":"plain","computed":true},"receive_wait_bound_seconds":{"type":"number","description":"Maximum long-poll wait, in seconds, accepted by receive. A receive's waitSeconds is bounded by this value; zero means receive returns without waiting.","description_kind":"plain","required":true},"relation_drift_reason":{"type":"string","description":"Internal recovery only. The portable condition reason (\"ExternalChange\" or \"DependencyMissing\") when the host reports that a resource this one references was replaced or removed out of band; null in steady state and cleared by the next successful read or apply. It is not desired state, it is not part of the portable wire spec, and configurations must not depend on it.","description_kind":"plain","computed":true},"revision":{"type":"string","description":"Canonical decimal representation revision; increments whenever the full representation changes, including when a change to another resource re-renders this one. It is the strong ETag, not the delete fence.","description_kind":"plain","computed":true},"space":{"type":"string","description":"Exact opaque SpaceID for this resource. Overrides the provider default; changing it replaces the resource.","description_kind":"plain","optional":true,"computed":true},"uid":{"type":"string","description":"Host-issued immutable resource identity. Delete followed by re-create of the same name yields a new UID.","description_kind":"plain","computed":true},"update_timeout":{"type":"string","description":"Overall update deadline as a Go duration (default \"20m\").","description_kind":"plain","optional":true}},"description":"Unordered at-least-once pull queue with visibility timeout, receive counting, optional dead-lettering, and bounded long polling. The queue.pull Interface fixes the send, receive, delete, and changeVisibility behavior; these fields are the queue's retention and delivery-policy declaration. Role: identity (Host API v1beta1 lane).","description_kind":"plain"}},"takoform_queue_consumer":{"version":1,"block":{"attributes":{"conditions":{"nested_type":{"attributes":{"host_reason":{"type":"string","description":"Host-specific, non-portable detail naming exactly what is wrong — a relation pointer, both sides of an incarnation change, a missing handler. Null when the host supplies none, and never a value to branch on.","description_kind":"plain","computed":true},"last_transition_time":{"type":"string","description":"RFC 3339 time this condition last changed status.","description_kind":"plain","computed":true},"message":{"type":"string","description":"Human-readable detail, null when the host supplies none.","description_kind":"plain","computed":true},"observed_generation":{"type":"string","description":"The desired-state generation this status reflects. When it lags `generation`, the host has not yet observed the newest desired spec.","description_kind":"plain","computed":true},"reason":{"type":"string","description":"Closed portable reason. Two conforming hosts name one state with one reason, so this is the member to branch on.","description_kind":"plain","computed":true},"status":{"type":"string","description":"`True`, `False`, or `Unknown`.","description_kind":"plain","computed":true},"type":{"type":"string","description":"Closed condition type: `Ready`, `Reconciling`, `Degraded`, `Drifted`, `Blocked`, or `Deleting`.","description_kind":"plain","computed":true}},"nesting_mode":"list"},"description":"Every status condition the host reports, in the order it reports them. Conditions are host-owned rendered state: they change when this resource changes AND when another resource this one depends on changes, without any desired spec changing.","description_kind":"plain","computed":true},"create_timeout":{"type":"string","description":"Overall create deadline as a Go duration (default \"20m\").","description_kind":"plain","optional":true},"dead_letter_queue":{"type":"string","description":"Queue receiving messages that exhausted their retries. Without it, exhausted messages are dropped. It must not resolve to the queue this consumer drains, or close a cycle through other consumers' dead-letter destinations; a host refuses either before any mutation. Set the name of the exact target edge.forms.takoform.com/AtLeastOnceQueue resource.","description_kind":"plain","optional":true},"delete_timeout":{"type":"string","description":"Overall delete deadline as a Go duration (default \"30m\").","description_kind":"plain","optional":true},"form_api_version":{"type":"string","description":"Exact namespaced Form group/version recorded in state; reads dispatch on this exact identity.","description_kind":"plain","computed":true},"form_definition_version":{"type":"string","description":"Exact immutable Form definition version recorded in state.","description_kind":"plain","computed":true},"form_kind":{"type":"string","description":"Exact Form kind recorded in state.","description_kind":"plain","computed":true},"form_package_digest":{"type":"string","description":"Audit-only digest of the Form Package this provider build carries for the exact FormRef. It is distribution provenance, never resource identity, and never enters queries or fences.","description_kind":"plain","computed":true},"form_schema_digest":{"type":"string","description":"Exact immutable Form schema digest recorded in state.","description_kind":"plain","computed":true},"generation":{"type":"string","description":"Canonical decimal desired-state generation; increments only when the portable desired spec changes. Update fences carry it as the expected generation.","description_kind":"plain","computed":true},"max_batch_size":{"type":"number","description":"Largest number of messages delivered in one batch.","description_kind":"plain","required":true},"max_batch_timeout_seconds":{"type":"number","description":"Longest time the host waits to fill a batch before delivering it, in seconds.","description_kind":"plain","required":true},"max_concurrency":{"type":"number","description":"Largest number of concurrent batch invocations.","description_kind":"plain","required":true},"max_retries":{"type":"number","description":"How many times a failed batch is redelivered before its messages go to the dead-letter queue or are dropped.","description_kind":"plain","required":true},"name":{"type":"string","description":"Portable resource name (metadata.name). Changing it replaces the resource.","description_kind":"plain","required":true},"outputs_json":{"type":"string","description":"JSON-serialized status.outputs document of the last read or apply; \"{}\" when the Form publishes no outputs.","description_kind":"plain","computed":true},"pending_operation_id":{"type":"string","description":"Internal recovery only. Host operation id of a mutation the host accepted but that did not reach a terminal state before the operation deadline; null in steady state and cleared by the next successful read or apply. It is not resource identity and configurations must not depend on it.","description_kind":"plain","computed":true},"queue":{"type":"string","description":"Queue this consumer drains. Changing it replaces the attachment. Set the name of the exact target edge.forms.takoform.com/AtLeastOnceQueue resource.","description_kind":"plain","required":true},"ready":{"type":"bool","description":"Derived convenience: true when `conditions` carries the closed Ready condition with status True. Read `conditions` for the reason a resource is not ready.","description_kind":"plain","computed":true},"relation_drift_reason":{"type":"string","description":"Internal recovery only. The portable condition reason (\"ExternalChange\" or \"DependencyMissing\") when the host reports that a resource this one references was replaced or removed out of band; null in steady state and cleared by the next successful read or apply. It is not desired state, it is not part of the portable wire spec, and configurations must not depend on it.","description_kind":"plain","computed":true},"retry_delay_seconds":{"type":"number","description":"Delay before a failed batch becomes deliverable again, in seconds.","description_kind":"plain","required":true},"revision":{"type":"string","description":"Canonical decimal representation revision; increments whenever the full representation changes, including when a change to another resource re-renders this one. It is the strong ETag, not the delete fence.","description_kind":"plain","computed":true},"space":{"type":"string","description":"Exact opaque SpaceID for this resource. Overrides the provider default; changing it replaces the resource.","description_kind":"plain","optional":true,"computed":true},"uid":{"type":"string","description":"Host-issued immutable resource identity. Delete followed by re-create of the same name yields a new UID.","description_kind":"plain","computed":true},"update_timeout":{"type":"string","description":"Overall update deadline as a Go duration (default \"20m\").","description_kind":"plain","optional":true},"worker":{"type":"string","description":"Module Worker whose queue handler receives the batches. Changing it replaces the attachment. Set the name of the exact target edge.forms.takoform.com/ModuleWorker resource.","description_kind":"plain","required":true}},"description":"Attaches one Module Worker as the batch consumer of one At-Least-Once Queue, invoking its queue handler with message batches and redelivering messages that were not acknowledged. Consumption is inward activation and therefore an attachment, never a binding. One queue has at most one consumer, so a second attachment against the same queue is refused. A handler that returns normally without settling anything acknowledges the whole batch; one that throws retries every message it had not already acknowledged. maxRetries counts REDELIVERIES only — the first delivery does not count toward it — so a message is delivered at most 1 + maxRetries times, and a message that exhausts them moves to dead_letter_queue when one is declared and is dropped otherwise. The dead-letter copy is a new message there: new identity, new acceptance timestamp, and an attempt count starting again at 1 (decision 0020). Because that transfer resets the attempt count, dead_letter_queue MUST NOT lead back: a destination resolving to the queue this consumer drains, or closing a cycle of any length through the dead-letter graph, is refused before any mutation, because an exhausted message would circulate forever instead of coming to rest (decision 0026). Role: attachment (Host API v1beta1 lane).","description_kind":"plain"}},"takoform_serverless_container_service":{"version":1,"block":{"attributes":{"conditions":{"nested_type":{"attributes":{"host_reason":{"type":"string","description":"Host-specific, non-portable detail naming exactly what is wrong — a relation pointer, both sides of an incarnation change, a missing handler. Null when the host supplies none, and never a value to branch on.","description_kind":"plain","computed":true},"last_transition_time":{"type":"string","description":"RFC 3339 time this condition last changed status.","description_kind":"plain","computed":true},"message":{"type":"string","description":"Human-readable detail, null when the host supplies none.","description_kind":"plain","computed":true},"observed_generation":{"type":"string","description":"The desired-state generation this status reflects. When it lags `generation`, the host has not yet observed the newest desired spec.","description_kind":"plain","computed":true},"reason":{"type":"string","description":"Closed portable reason. Two conforming hosts name one state with one reason, so this is the member to branch on.","description_kind":"plain","computed":true},"status":{"type":"string","description":"`True`, `False`, or `Unknown`.","description_kind":"plain","computed":true},"type":{"type":"string","description":"Closed condition type: `Ready`, `Reconciling`, `Degraded`, `Drifted`, `Blocked`, or `Deleting`.","description_kind":"plain","computed":true}},"nesting_mode":"list"},"description":"Every status condition the host reports, in the order it reports them. Conditions are host-owned rendered state: they change when this resource changes AND when another resource this one depends on changes, without any desired spec changing.","description_kind":"plain","computed":true},"create_timeout":{"type":"string","description":"Overall create deadline as a Go duration (default \"20m\").","description_kind":"plain","optional":true},"delete_timeout":{"type":"string","description":"Overall delete deadline as a Go duration (default \"30m\").","description_kind":"plain","optional":true},"form_api_version":{"type":"string","description":"Exact namespaced Form group/version recorded in state; reads dispatch on this exact identity.","description_kind":"plain","computed":true},"form_definition_version":{"type":"string","description":"Exact immutable Form definition version recorded in state.","description_kind":"plain","computed":true},"form_kind":{"type":"string","description":"Exact Form kind recorded in state.","description_kind":"plain","computed":true},"form_package_digest":{"type":"string","description":"Audit-only digest of the Form Package this provider build carries for the exact FormRef. It is distribution provenance, never resource identity, and never enters queries or fences.","description_kind":"plain","computed":true},"form_schema_digest":{"type":"string","description":"Exact immutable Form schema digest recorded in state.","description_kind":"plain","computed":true},"generation":{"type":"string","description":"Canonical decimal desired-state generation; increments only when the portable desired spec changes. Update fences carry it as the expected generation.","description_kind":"plain","computed":true},"name":{"type":"string","description":"Portable resource name (metadata.name). Changing it replaces the resource.","description_kind":"plain","required":true},"outputs_json":{"type":"string","description":"JSON-serialized status.outputs document of the last read or apply; \"{}\" when the Form publishes no outputs.","description_kind":"plain","computed":true},"pending_operation_id":{"type":"string","description":"Internal recovery only. Host operation id of a mutation the host accepted but that did not reach a terminal state before the operation deadline; null in steady state and cleared by the next successful read or apply. It is not resource identity and configurations must not depend on it.","description_kind":"plain","computed":true},"ready":{"type":"bool","description":"Derived convenience: true when `conditions` carries the closed Ready condition with status True. Read `conditions` for the reason a resource is not ready.","description_kind":"plain","computed":true},"relation_drift_reason":{"type":"string","description":"Internal recovery only. The portable condition reason (\"ExternalChange\" or \"DependencyMissing\") when the host reports that a resource this one references was replaced or removed out of band; null in steady state and cleared by the next successful read or apply. It is not desired state, it is not part of the portable wire spec, and configurations must not depend on it.","description_kind":"plain","computed":true},"revision":{"type":"string","description":"Canonical decimal representation revision; increments whenever the full representation changes, including when a change to another resource re-renders this one. It is the strong ETag, not the delete fence.","description_kind":"plain","computed":true},"space":{"type":"string","description":"Exact opaque SpaceID for this resource. Overrides the provider default; changing it replaces the resource.","description_kind":"plain","optional":true,"computed":true},"uid":{"type":"string","description":"Host-issued immutable resource identity. Delete followed by re-create of the same name yields a new UID.","description_kind":"plain","computed":true}},"description":"Logical identity of one request-driven serverless container service. Image, process configuration, resources, scaling, and traffic are represented by immutable revisions and the active traffic Form around this identity. Role: identity (Host API v1beta1 lane).","description_kind":"plain"}},"takoform_sqlite_database":{"version":1,"block":{"attributes":{"conditions":{"nested_type":{"attributes":{"host_reason":{"type":"string","description":"Host-specific, non-portable detail naming exactly what is wrong — a relation pointer, both sides of an incarnation change, a missing handler. Null when the host supplies none, and never a value to branch on.","description_kind":"plain","computed":true},"last_transition_time":{"type":"string","description":"RFC 3339 time this condition last changed status.","description_kind":"plain","computed":true},"message":{"type":"string","description":"Human-readable detail, null when the host supplies none.","description_kind":"plain","computed":true},"observed_generation":{"type":"string","description":"The desired-state generation this status reflects. When it lags `generation`, the host has not yet observed the newest desired spec.","description_kind":"plain","computed":true},"reason":{"type":"string","description":"Closed portable reason. Two conforming hosts name one state with one reason, so this is the member to branch on.","description_kind":"plain","computed":true},"status":{"type":"string","description":"`True`, `False`, or `Unknown`.","description_kind":"plain","computed":true},"type":{"type":"string","description":"Closed condition type: `Ready`, `Reconciling`, `Degraded`, `Drifted`, `Blocked`, or `Deleting`.","description_kind":"plain","computed":true}},"nesting_mode":"list"},"description":"Every status condition the host reports, in the order it reports them. Conditions are host-owned rendered state: they change when this resource changes AND when another resource this one depends on changes, without any desired spec changing.","description_kind":"plain","computed":true},"create_timeout":{"type":"string","description":"Overall create deadline as a Go duration (default \"20m\").","description_kind":"plain","optional":true},"delete_timeout":{"type":"string","description":"Overall delete deadline as a Go duration (default \"30m\").","description_kind":"plain","optional":true},"form_api_version":{"type":"string","description":"Exact namespaced Form group/version recorded in state; reads dispatch on this exact identity.","description_kind":"plain","computed":true},"form_definition_version":{"type":"string","description":"Exact immutable Form definition version recorded in state.","description_kind":"plain","computed":true},"form_kind":{"type":"string","description":"Exact Form kind recorded in state.","description_kind":"plain","computed":true},"form_package_digest":{"type":"string","description":"Audit-only digest of the Form Package this provider build carries for the exact FormRef. It is distribution provenance, never resource identity, and never enters queries or fences.","description_kind":"plain","computed":true},"form_schema_digest":{"type":"string","description":"Exact immutable Form schema digest recorded in state.","description_kind":"plain","computed":true},"generation":{"type":"string","description":"Canonical decimal desired-state generation; increments only when the portable desired spec changes. Update fences carry it as the expected generation.","description_kind":"plain","computed":true},"name":{"type":"string","description":"Portable resource name (metadata.name). Changing it replaces the resource.","description_kind":"plain","required":true},"outputs_json":{"type":"string","description":"JSON-serialized status.outputs document of the last read or apply; \"{}\" when the Form publishes no outputs.","description_kind":"plain","computed":true},"pending_operation_id":{"type":"string","description":"Internal recovery only. Host operation id of a mutation the host accepted but that did not reach a terminal state before the operation deadline; null in steady state and cleared by the next successful read or apply. It is not resource identity and configurations must not depend on it.","description_kind":"plain","computed":true},"ready":{"type":"bool","description":"Derived convenience: true when `conditions` carries the closed Ready condition with status True. Read `conditions` for the reason a resource is not ready.","description_kind":"plain","computed":true},"relation_drift_reason":{"type":"string","description":"Internal recovery only. The portable condition reason (\"ExternalChange\" or \"DependencyMissing\") when the host reports that a resource this one references was replaced or removed out of band; null in steady state and cleared by the next successful read or apply. It is not desired state, it is not part of the portable wire spec, and configurations must not depend on it.","description_kind":"plain","computed":true},"revision":{"type":"string","description":"Canonical decimal representation revision; increments whenever the full representation changes, including when a change to another resource re-renders this one. It is the strong ETag, not the delete fence.","description_kind":"plain","computed":true},"space":{"type":"string","description":"Exact opaque SpaceID for this resource. Overrides the provider default; changing it replaces the resource.","description_kind":"plain","optional":true,"computed":true},"uid":{"type":"string","description":"Host-issued immutable resource identity. Delete followed by re-create of the same name yields a new UID.","description_kind":"plain","computed":true}},"description":"Embedded SQLite database with bounded EdgeSqlValue values, rollback-only queries, and serializable all-or-none transactions, exactly as fixed by the edge.sql Interface. SQLite semantics are the identity: a database with different SQL, typing, or isolation behavior is a different Form, never an engine token. Numbers stay finite binary64 values inside Number.MAX_SAFE_INTEGER and do not expose the INTEGER/REAL storage-class distinction; BLOB uses the common canonical encoded-bytes object. Runtime SQL cannot migrate schema; SQLiteMigrationApplication owns that administrative path (decision 0034). Role: identity (Host API v1beta1 lane).","description_kind":"plain"}},"takoform_sqlite_migration_application":{"version":1,"block":{"attributes":{"conditions":{"nested_type":{"attributes":{"host_reason":{"type":"string","description":"Host-specific, non-portable detail naming exactly what is wrong — a relation pointer, both sides of an incarnation change, a missing handler. Null when the host supplies none, and never a value to branch on.","description_kind":"plain","computed":true},"last_transition_time":{"type":"string","description":"RFC 3339 time this condition last changed status.","description_kind":"plain","computed":true},"message":{"type":"string","description":"Human-readable detail, null when the host supplies none.","description_kind":"plain","computed":true},"observed_generation":{"type":"string","description":"The desired-state generation this status reflects. When it lags `generation`, the host has not yet observed the newest desired spec.","description_kind":"plain","computed":true},"reason":{"type":"string","description":"Closed portable reason. Two conforming hosts name one state with one reason, so this is the member to branch on.","description_kind":"plain","computed":true},"status":{"type":"string","description":"`True`, `False`, or `Unknown`.","description_kind":"plain","computed":true},"type":{"type":"string","description":"Closed condition type: `Ready`, `Reconciling`, `Degraded`, `Drifted`, `Blocked`, or `Deleting`.","description_kind":"plain","computed":true}},"nesting_mode":"list"},"description":"Every status condition the host reports, in the order it reports them. Conditions are host-owned rendered state: they change when this resource changes AND when another resource this one depends on changes, without any desired spec changing.","description_kind":"plain","computed":true},"create_timeout":{"type":"string","description":"Overall create deadline as a Go duration (default \"20m\").","description_kind":"plain","optional":true},"database":{"type":"string","description":"Exact SQLite Database whose durable migration ledger and schema this application advances. Set the name of the exact target edge.forms.takoform.com/SQLiteDatabase resource.","description_kind":"plain","required":true},"delete_timeout":{"type":"string","description":"Overall delete deadline as a Go duration (default \"30m\").","description_kind":"plain","optional":true},"form_api_version":{"type":"string","description":"Exact namespaced Form group/version recorded in state; reads dispatch on this exact identity.","description_kind":"plain","computed":true},"form_definition_version":{"type":"string","description":"Exact immutable Form definition version recorded in state.","description_kind":"plain","computed":true},"form_kind":{"type":"string","description":"Exact Form kind recorded in state.","description_kind":"plain","computed":true},"form_package_digest":{"type":"string","description":"Audit-only digest of the Form Package this provider build carries for the exact FormRef. It is distribution provenance, never resource identity, and never enters queries or fences.","description_kind":"plain","computed":true},"form_schema_digest":{"type":"string","description":"Exact immutable Form schema digest recorded in state.","description_kind":"plain","computed":true},"generation":{"type":"string","description":"Canonical decimal desired-state generation; increments only when the portable desired spec changes. Update fences carry it as the expected generation.","description_kind":"plain","computed":true},"migration_set":{"type":"string","description":"Exact immutable SQLite Migration Set whose ordered manifest must extend the database ledger. Set the name of the exact target edge.forms.takoform.com/SQLiteMigrationSet resource.","description_kind":"plain","required":true},"name":{"type":"string","description":"Portable resource name (metadata.name). Changing it replaces the resource.","description_kind":"plain","required":true},"outputs_json":{"type":"string","description":"JSON-serialized status.outputs document of the last read or apply; \"{}\" when the Form publishes no outputs.","description_kind":"plain","computed":true},"pending_operation_id":{"type":"string","description":"Internal recovery only. Host operation id of a mutation the host accepted but that did not reach a terminal state before the operation deadline; null in steady state and cleared by the next successful read or apply. It is not resource identity and configurations must not depend on it.","description_kind":"plain","computed":true},"ready":{"type":"bool","description":"Derived convenience: true when `conditions` carries the closed Ready condition with status True. Read `conditions` for the reason a resource is not ready.","description_kind":"plain","computed":true},"relation_drift_reason":{"type":"string","description":"Internal recovery only. The portable condition reason (\"ExternalChange\" or \"DependencyMissing\") when the host reports that a resource this one references was replaced or removed out of band; null in steady state and cleared by the next successful read or apply. It is not desired state, it is not part of the portable wire spec, and configurations must not depend on it.","description_kind":"plain","computed":true},"revision":{"type":"string","description":"Canonical decimal representation revision; increments whenever the full representation changes, including when a change to another resource re-renders this one. It is the strong ETag, not the delete fence.","description_kind":"plain","computed":true},"space":{"type":"string","description":"Exact opaque SpaceID for this resource. Overrides the provider default; changing it replaces the resource.","description_kind":"plain","optional":true,"computed":true},"uid":{"type":"string","description":"Host-issued immutable resource identity. Delete followed by re-create of the same name yields a new UID.","description_kind":"plain","computed":true}},"description":"Applies one exact SQLite Migration Set to one exact SQLite Database. Both relations are immutable and UID-pinned before mutation. The database's durable migration ledger records each applied manifest entry as its ordered path+digest pair. The requested set must extend that ledger exactly; a rewrite, reorder, or removal is refused before SQL executes, and only the unapplied suffix runs. Each file and its ledger append commit atomically, so an interrupted application retries the same suffix without replaying a recorded migration. Ready means the ledger equals the referenced set. Deleting this attachment only stops managing the application resource: it never runs down-migrations, rewrites the ledger, reverts schema, or deletes the database. Role: attachment (Host API v1beta1 lane).","description_kind":"plain"}},"takoform_sqlite_migration_set":{"version":1,"block":{"attributes":{"conditions":{"nested_type":{"attributes":{"host_reason":{"type":"string","description":"Host-specific, non-portable detail naming exactly what is wrong — a relation pointer, both sides of an incarnation change, a missing handler. Null when the host supplies none, and never a value to branch on.","description_kind":"plain","computed":true},"last_transition_time":{"type":"string","description":"RFC 3339 time this condition last changed status.","description_kind":"plain","computed":true},"message":{"type":"string","description":"Human-readable detail, null when the host supplies none.","description_kind":"plain","computed":true},"observed_generation":{"type":"string","description":"The desired-state generation this status reflects. When it lags `generation`, the host has not yet observed the newest desired spec.","description_kind":"plain","computed":true},"reason":{"type":"string","description":"Closed portable reason. Two conforming hosts name one state with one reason, so this is the member to branch on.","description_kind":"plain","computed":true},"status":{"type":"string","description":"`True`, `False`, or `Unknown`.","description_kind":"plain","computed":true},"type":{"type":"string","description":"Closed condition type: `Ready`, `Reconciling`, `Degraded`, `Drifted`, `Blocked`, or `Deleting`.","description_kind":"plain","computed":true}},"nesting_mode":"list"},"description":"Every status condition the host reports, in the order it reports them. Conditions are host-owned rendered state: they change when this resource changes AND when another resource this one depends on changes, without any desired spec changing.","description_kind":"plain","computed":true},"create_timeout":{"type":"string","description":"Overall create deadline as a Go duration (default \"20m\").","description_kind":"plain","optional":true},"delete_timeout":{"type":"string","description":"Overall delete deadline as a Go duration (default \"30m\").","description_kind":"plain","optional":true},"files":{"nested_type":{"attributes":{"content_file":{"type":"string","description":"Local path of the file whose bytes this manifest entry pins.","description_kind":"plain","optional":true},"digest":{"type":"string","description":"Canonical lowercase sha256 digest of the file bytes, computed from content_file.","description_kind":"plain","computed":true},"media_type":{"type":"string","description":"Portable media type recorded in the artifact manifest.","description_kind":"plain","required":true},"path":{"type":"string","description":"Relative slash-separated path inside the artifact bundle.","description_kind":"plain","required":true},"size":{"type":"number","description":"Exact file size in bytes, computed from content_file.","description_kind":"plain","computed":true}},"nesting_mode":"list"},"description":"Local authoring only: ordered files of the bundle. The provider reads each content_file, computes its exact size and sha256 digest, commits the artifact manifest, and records the returned manifest_digest. Local paths and computed evidence stay in state; file bytes never do.","description_kind":"plain","optional":true},"form_api_version":{"type":"string","description":"Exact namespaced Form group/version recorded in state; reads dispatch on this exact identity.","description_kind":"plain","computed":true},"form_definition_version":{"type":"string","description":"Exact immutable Form definition version recorded in state.","description_kind":"plain","computed":true},"form_kind":{"type":"string","description":"Exact Form kind recorded in state.","description_kind":"plain","computed":true},"form_package_digest":{"type":"string","description":"Audit-only digest of the Form Package this provider build carries for the exact FormRef. It is distribution provenance, never resource identity, and never enters queries or fences.","description_kind":"plain","computed":true},"form_schema_digest":{"type":"string","description":"Exact immutable Form schema digest recorded in state.","description_kind":"plain","computed":true},"generation":{"type":"string","description":"Canonical decimal desired-state generation; increments only when the portable desired spec changes. Update fences carry it as the expected generation.","description_kind":"plain","computed":true},"manifest_digest":{"type":"string","description":"Immutable digest of the committed artifact manifest this revision is. Set it to reference a manifest already committed to the host, or leave it unset and author files: the provider commits the manifest and records the digest returned by the host.","description_kind":"plain","optional":true,"computed":true},"name":{"type":"string","description":"Portable resource name (metadata.name). Omit it and set `revision_owner` instead: this Form is an immutable revision, so the provider derives \"sqlite-migration-set-\u003ccontent digest prefix\u003e-\u003cowner digest prefix\u003e\" from the revision's own content and its declared owner, and changed content is therefore a new revision beside the old one. Setting it pins the name, and the provider then refuses at plan time any change that would replace this revision under it.","description_kind":"plain","optional":true,"computed":true},"outputs_json":{"type":"string","description":"JSON-serialized status.outputs document of the last read or apply; \"{}\" when the Form publishes no outputs.","description_kind":"plain","computed":true},"pending_operation_id":{"type":"string","description":"Internal recovery only. Host operation id of a mutation the host accepted but that did not reach a terminal state before the operation deadline; null in steady state and cleared by the next successful read or apply. It is not resource identity and configurations must not depend on it.","description_kind":"plain","computed":true},"ready":{"type":"bool","description":"Derived convenience: true when `conditions` carries the closed Ready condition with status True. Read `conditions` for the reason a resource is not ready.","description_kind":"plain","computed":true},"relation_drift_reason":{"type":"string","description":"Internal recovery only. The portable condition reason (\"ExternalChange\" or \"DependencyMissing\") when the host reports that a resource this one references was replaced or removed out of band; null in steady state and cleared by the next successful read or apply. It is not desired state, it is not part of the portable wire spec, and configurations must not depend on it.","description_kind":"plain","computed":true},"revision":{"type":"string","description":"Canonical decimal representation revision; increments whenever the full representation changes, including when a change to another resource re-renders this one. It is the strong ETag, not the delete fence.","description_kind":"plain","computed":true},"revision_owner":{"type":"string","description":"Stable name of whatever owns this revision — the `takoform_module_worker` it belongs to is the usual answer. Required whenever `name` is omitted, because the derived name is a function of this revision's content and two owners built from identical content would otherwise derive one name and manage one host address. It is folded into the derived name as \"sqlite-migration-set-\u003ccontent digest prefix\u003e-\u003cowner digest prefix\u003e\", never sent to the host, and never part of the portable desired spec. Changing it names a different revision, so it replaces this one.","description_kind":"plain","optional":true},"space":{"type":"string","description":"Exact opaque SpaceID for this resource. Overrides the provider default; changing it replaces the resource.","description_kind":"plain","optional":true,"computed":true},"uid":{"type":"string","description":"Host-issued immutable resource identity. Delete followed by re-create of the same name yields a new UID.","description_kind":"plain","computed":true}},"description":"Immutable ordered SQLite migration history backed by one committed artifacts.takoform.com/v1alpha1 MigrationBundle manifest. The manifest files array is the migration order; every entry has a unique portable path, media type application/sql, exact size, and sha256 digest. SQL bytes travel only through the content-addressed artifact upload and never enter desired state. A new set may append entries, but an application refuses any set whose prefix rewrites, reorders, or removes an already applied path+digest pair. Role: revision (Host API v1beta1 lane).","description_kind":"plain"}},"takoform_static_asset_bundle":{"version":1,"block":{"attributes":{"conditions":{"nested_type":{"attributes":{"host_reason":{"type":"string","description":"Host-specific, non-portable detail naming exactly what is wrong — a relation pointer, both sides of an incarnation change, a missing handler. Null when the host supplies none, and never a value to branch on.","description_kind":"plain","computed":true},"last_transition_time":{"type":"string","description":"RFC 3339 time this condition last changed status.","description_kind":"plain","computed":true},"message":{"type":"string","description":"Human-readable detail, null when the host supplies none.","description_kind":"plain","computed":true},"observed_generation":{"type":"string","description":"The desired-state generation this status reflects. When it lags `generation`, the host has not yet observed the newest desired spec.","description_kind":"plain","computed":true},"reason":{"type":"string","description":"Closed portable reason. Two conforming hosts name one state with one reason, so this is the member to branch on.","description_kind":"plain","computed":true},"status":{"type":"string","description":"`True`, `False`, or `Unknown`.","description_kind":"plain","computed":true},"type":{"type":"string","description":"Closed condition type: `Ready`, `Reconciling`, `Degraded`, `Drifted`, `Blocked`, or `Deleting`.","description_kind":"plain","computed":true}},"nesting_mode":"list"},"description":"Every status condition the host reports, in the order it reports them. Conditions are host-owned rendered state: they change when this resource changes AND when another resource this one depends on changes, without any desired spec changing.","description_kind":"plain","computed":true},"create_timeout":{"type":"string","description":"Overall create deadline as a Go duration (default \"20m\").","description_kind":"plain","optional":true},"delete_timeout":{"type":"string","description":"Overall delete deadline as a Go duration (default \"30m\").","description_kind":"plain","optional":true},"files":{"nested_type":{"attributes":{"content_file":{"type":"string","description":"Local path of the file whose bytes this manifest entry pins.","description_kind":"plain","optional":true},"digest":{"type":"string","description":"Canonical lowercase sha256 digest of the file bytes, computed from content_file.","description_kind":"plain","computed":true},"media_type":{"type":"string","description":"Portable media type recorded in the artifact manifest.","description_kind":"plain","required":true},"path":{"type":"string","description":"Relative slash-separated path inside the artifact bundle.","description_kind":"plain","required":true},"size":{"type":"number","description":"Exact file size in bytes, computed from content_file.","description_kind":"plain","computed":true}},"nesting_mode":"list"},"description":"Local authoring only: ordered files of the bundle. The provider reads each content_file, computes its exact size and sha256 digest, commits the artifact manifest, and records the returned manifest_digest. Local paths and computed evidence stay in state; file bytes never do.","description_kind":"plain","optional":true},"form_api_version":{"type":"string","description":"Exact namespaced Form group/version recorded in state; reads dispatch on this exact identity.","description_kind":"plain","computed":true},"form_definition_version":{"type":"string","description":"Exact immutable Form definition version recorded in state.","description_kind":"plain","computed":true},"form_kind":{"type":"string","description":"Exact Form kind recorded in state.","description_kind":"plain","computed":true},"form_package_digest":{"type":"string","description":"Audit-only digest of the Form Package this provider build carries for the exact FormRef. It is distribution provenance, never resource identity, and never enters queries or fences.","description_kind":"plain","computed":true},"form_schema_digest":{"type":"string","description":"Exact immutable Form schema digest recorded in state.","description_kind":"plain","computed":true},"generation":{"type":"string","description":"Canonical decimal desired-state generation; increments only when the portable desired spec changes. Update fences carry it as the expected generation.","description_kind":"plain","computed":true},"manifest_digest":{"type":"string","description":"Immutable digest of the committed artifact manifest this revision is. Set it to reference a manifest already committed to the host, or leave it unset and author files: the provider commits the manifest and records the digest returned by the host.","description_kind":"plain","optional":true,"computed":true},"name":{"type":"string","description":"Portable resource name (metadata.name). Omit it and set `revision_owner` instead: this Form is an immutable revision, so the provider derives \"static-asset-bundle-\u003ccontent digest prefix\u003e-\u003cowner digest prefix\u003e\" from the revision's own content and its declared owner, and changed content is therefore a new revision beside the old one. Setting it pins the name, and the provider then refuses at plan time any change that would replace this revision under it.","description_kind":"plain","optional":true,"computed":true},"outputs_json":{"type":"string","description":"JSON-serialized status.outputs document of the last read or apply; \"{}\" when the Form publishes no outputs.","description_kind":"plain","computed":true},"pending_operation_id":{"type":"string","description":"Internal recovery only. Host operation id of a mutation the host accepted but that did not reach a terminal state before the operation deadline; null in steady state and cleared by the next successful read or apply. It is not resource identity and configurations must not depend on it.","description_kind":"plain","computed":true},"ready":{"type":"bool","description":"Derived convenience: true when `conditions` carries the closed Ready condition with status True. Read `conditions` for the reason a resource is not ready.","description_kind":"plain","computed":true},"relation_drift_reason":{"type":"string","description":"Internal recovery only. The portable condition reason (\"ExternalChange\" or \"DependencyMissing\") when the host reports that a resource this one references was replaced or removed out of band; null in steady state and cleared by the next successful read or apply. It is not desired state, it is not part of the portable wire spec, and configurations must not depend on it.","description_kind":"plain","computed":true},"revision":{"type":"string","description":"Canonical decimal representation revision; increments whenever the full representation changes, including when a change to another resource re-renders this one. It is the strong ETag, not the delete fence.","description_kind":"plain","computed":true},"revision_owner":{"type":"string","description":"Stable name of whatever owns this revision — the `takoform_module_worker` it belongs to is the usual answer. Required whenever `name` is omitted, because the derived name is a function of this revision's content and two owners built from identical content would otherwise derive one name and manage one host address. It is folded into the derived name as \"static-asset-bundle-\u003ccontent digest prefix\u003e-\u003cowner digest prefix\u003e\", never sent to the host, and never part of the portable desired spec. Changing it names a different revision, so it replaces this one.","description_kind":"plain","optional":true},"space":{"type":"string","description":"Exact opaque SpaceID for this resource. Overrides the provider default; changing it replaces the resource.","description_kind":"plain","optional":true,"computed":true},"uid":{"type":"string","description":"Host-issued immutable resource identity. Delete followed by re-create of the same name yields a new UID.","description_kind":"plain","computed":true}},"description":"Immutable content-addressed set of files served beside one Worker Version. The whole portable desired state is the digest of a committed artifacts.takoform.com/v1alpha1 StaticAssetBundle manifest; the manifest is the sole ordered inventory of path, media type, exact size, and sha256 digest for every file. Raw file bytes, upload locations, backend identities, and serving policy never enter this resource. Serving order and not-found behavior belong to the Worker Version attachment so the same bytes can participate in different immutable versions without giving the bundle two meanings. Role: revision (Host API v1beta1 lane).","description_kind":"plain"}},"takoform_table":{"version":1,"block":{"attributes":{"conditions":{"nested_type":{"attributes":{"host_reason":{"type":"string","description":"Host-specific, non-portable detail naming exactly what is wrong — a relation pointer, both sides of an incarnation change, a missing handler. Null when the host supplies none, and never a value to branch on.","description_kind":"plain","computed":true},"last_transition_time":{"type":"string","description":"RFC 3339 time this condition last changed status.","description_kind":"plain","computed":true},"message":{"type":"string","description":"Human-readable detail, null when the host supplies none.","description_kind":"plain","computed":true},"observed_generation":{"type":"string","description":"The desired-state generation this status reflects. When it lags `generation`, the host has not yet observed the newest desired spec.","description_kind":"plain","computed":true},"reason":{"type":"string","description":"Closed portable reason. Two conforming hosts name one state with one reason, so this is the member to branch on.","description_kind":"plain","computed":true},"status":{"type":"string","description":"`True`, `False`, or `Unknown`.","description_kind":"plain","computed":true},"type":{"type":"string","description":"Closed condition type: `Ready`, `Reconciling`, `Degraded`, `Drifted`, `Blocked`, or `Deleting`.","description_kind":"plain","computed":true}},"nesting_mode":"list"},"description":"Every status condition the host reports, in the order it reports them. Conditions are host-owned rendered state: they change when this resource changes AND when another resource this one depends on changes, without any desired spec changing.","description_kind":"plain","computed":true},"create_timeout":{"type":"string","description":"Overall create deadline as a Go duration (default \"20m\").","description_kind":"plain","optional":true},"delete_timeout":{"type":"string","description":"Overall delete deadline as a Go duration (default \"30m\").","description_kind":"plain","optional":true},"form_api_version":{"type":"string","description":"Exact namespaced Form group/version recorded in state; reads dispatch on this exact identity.","description_kind":"plain","computed":true},"form_definition_version":{"type":"string","description":"Exact immutable Form definition version recorded in state.","description_kind":"plain","computed":true},"form_kind":{"type":"string","description":"Exact Form kind recorded in state.","description_kind":"plain","computed":true},"form_package_digest":{"type":"string","description":"Audit-only digest of the Form Package this provider build carries for the exact FormRef. It is distribution provenance, never resource identity, and never enters queries or fences.","description_kind":"plain","computed":true},"form_schema_digest":{"type":"string","description":"Exact immutable Form schema digest recorded in state.","description_kind":"plain","computed":true},"generation":{"type":"string","description":"Canonical decimal desired-state generation; increments only when the portable desired spec changes. Update fences carry it as the expected generation.","description_kind":"plain","computed":true},"name":{"type":"string","description":"Portable resource name (metadata.name). Changing it replaces the resource.","description_kind":"plain","required":true},"outputs_json":{"type":"string","description":"JSON-serialized status.outputs document of the last read or apply; \"{}\" when the Form publishes no outputs.","description_kind":"plain","computed":true},"partition_key":{"nested_type":{"attributes":{"name":{"type":"string","description":"Top-level document attribute used by this key.","description_kind":"plain","required":true},"type":{"type":"string","description":"Portable scalar type used to encode and order this key attribute.","description_kind":"plain","required":true}},"nesting_mode":"single"},"description":"Immutable partition key declaration. Every item must carry this top-level attribute; changing it replaces the table.","description_kind":"plain","required":true},"pending_operation_id":{"type":"string","description":"Internal recovery only. Host operation id of a mutation the host accepted but that did not reach a terminal state before the operation deadline; null in steady state and cleared by the next successful read or apply. It is not resource identity and configurations must not depend on it.","description_kind":"plain","computed":true},"ready":{"type":"bool","description":"Derived convenience: true when `conditions` carries the closed Ready condition with status True. Read `conditions` for the reason a resource is not ready.","description_kind":"plain","computed":true},"relation_drift_reason":{"type":"string","description":"Internal recovery only. The portable condition reason (\"ExternalChange\" or \"DependencyMissing\") when the host reports that a resource this one references was replaced or removed out of band; null in steady state and cleared by the next successful read or apply. It is not desired state, it is not part of the portable wire spec, and configurations must not depend on it.","description_kind":"plain","computed":true},"revision":{"type":"string","description":"Canonical decimal representation revision; increments whenever the full representation changes, including when a change to another resource re-renders this one. It is the strong ETag, not the delete fence.","description_kind":"plain","computed":true},"secondary_indexes":{"nested_type":{"attributes":{"name":{"type":"string","description":"Stable portable name of this secondary index.","description_kind":"plain","required":true},"partition_key":{"type":"string","description":"Top-level attribute forming the index partition key.","description_kind":"plain","required":true},"sort_key":{"type":"string","description":"Optional top-level attribute forming the index sort key. When absent, the index has no sort key.","description_kind":"plain","optional":true}},"nesting_mode":"list"},"description":"Secondary indexes over top-level document attributes. Adding or removing an entry is an in-place table update; an index is redefined only by removing it and adding it later. Omitting this list declares no secondary indexes. Omitting it means the empty list `[]`.","description_kind":"plain","optional":true,"computed":true},"sort_key":{"nested_type":{"attributes":{"name":{"type":"string","description":"Top-level document attribute used by the sort key.","description_kind":"plain","required":true},"type":{"type":"string","description":"Portable scalar type used to encode and order the sort key attribute.","description_kind":"plain","required":true}},"nesting_mode":"single"},"description":"Optional immutable sort key declaration. When absent, each partition key addresses at most one item; changing it replaces the table.","description_kind":"plain","optional":true},"space":{"type":"string","description":"Exact opaque SpaceID for this resource. Overrides the provider default; changing it replaces the resource.","description_kind":"plain","optional":true,"computed":true},"ttl_attribute":{"type":"string","description":"Optional top-level number attribute used for lazy epoch-second expiry. When absent, the table has no TTL policy; setting or clearing it is an in-place update.","description_kind":"plain","optional":true},"uid":{"type":"string","description":"Host-issued immutable resource identity. Delete followed by re-create of the same name yields a new UID.","description_kind":"plain","computed":true},"update_timeout":{"type":"string","description":"Overall update deadline as a Go duration (default \"20m\").","description_kind":"plain","optional":true}},"description":"Key-addressed document table with a declared partition key, optional sort key, mutable secondary indexes, and optional lazy TTL. The table.document Interface fixes document values, conditional writes, consistent single-item reads, and key-ordered partition queries; this identity carries only the table's addressing declaration. Role: identity (Host API v1beta1 lane).","description_kind":"plain"}},"takoform_topic":{"version":1,"block":{"attributes":{"conditions":{"nested_type":{"attributes":{"host_reason":{"type":"string","description":"Host-specific, non-portable detail naming exactly what is wrong — a relation pointer, both sides of an incarnation change, a missing handler. Null when the host supplies none, and never a value to branch on.","description_kind":"plain","computed":true},"last_transition_time":{"type":"string","description":"RFC 3339 time this condition last changed status.","description_kind":"plain","computed":true},"message":{"type":"string","description":"Human-readable detail, null when the host supplies none.","description_kind":"plain","computed":true},"observed_generation":{"type":"string","description":"The desired-state generation this status reflects. When it lags `generation`, the host has not yet observed the newest desired spec.","description_kind":"plain","computed":true},"reason":{"type":"string","description":"Closed portable reason. Two conforming hosts name one state with one reason, so this is the member to branch on.","description_kind":"plain","computed":true},"status":{"type":"string","description":"`True`, `False`, or `Unknown`.","description_kind":"plain","computed":true},"type":{"type":"string","description":"Closed condition type: `Ready`, `Reconciling`, `Degraded`, `Drifted`, `Blocked`, or `Deleting`.","description_kind":"plain","computed":true}},"nesting_mode":"list"},"description":"Every status condition the host reports, in the order it reports them. Conditions are host-owned rendered state: they change when this resource changes AND when another resource this one depends on changes, without any desired spec changing.","description_kind":"plain","computed":true},"create_timeout":{"type":"string","description":"Overall create deadline as a Go duration (default \"20m\").","description_kind":"plain","optional":true},"delete_timeout":{"type":"string","description":"Overall delete deadline as a Go duration (default \"30m\").","description_kind":"plain","optional":true},"form_api_version":{"type":"string","description":"Exact namespaced Form group/version recorded in state; reads dispatch on this exact identity.","description_kind":"plain","computed":true},"form_definition_version":{"type":"string","description":"Exact immutable Form definition version recorded in state.","description_kind":"plain","computed":true},"form_kind":{"type":"string","description":"Exact Form kind recorded in state.","description_kind":"plain","computed":true},"form_package_digest":{"type":"string","description":"Audit-only digest of the Form Package this provider build carries for the exact FormRef. It is distribution provenance, never resource identity, and never enters queries or fences.","description_kind":"plain","computed":true},"form_schema_digest":{"type":"string","description":"Exact immutable Form schema digest recorded in state.","description_kind":"plain","computed":true},"generation":{"type":"string","description":"Canonical decimal desired-state generation; increments only when the portable desired spec changes. Update fences carry it as the expected generation.","description_kind":"plain","computed":true},"name":{"type":"string","description":"Portable resource name (metadata.name). Changing it replaces the resource.","description_kind":"plain","required":true},"outputs_json":{"type":"string","description":"JSON-serialized status.outputs document of the last read or apply; \"{}\" when the Form publishes no outputs.","description_kind":"plain","computed":true},"pending_operation_id":{"type":"string","description":"Internal recovery only. Host operation id of a mutation the host accepted but that did not reach a terminal state before the operation deadline; null in steady state and cleared by the next successful read or apply. It is not resource identity and configurations must not depend on it.","description_kind":"plain","computed":true},"ready":{"type":"bool","description":"Derived convenience: true when `conditions` carries the closed Ready condition with status True. Read `conditions` for the reason a resource is not ready.","description_kind":"plain","computed":true},"relation_drift_reason":{"type":"string","description":"Internal recovery only. The portable condition reason (\"ExternalChange\" or \"DependencyMissing\") when the host reports that a resource this one references was replaced or removed out of band; null in steady state and cleared by the next successful read or apply. It is not desired state, it is not part of the portable wire spec, and configurations must not depend on it.","description_kind":"plain","computed":true},"revision":{"type":"string","description":"Canonical decimal representation revision; increments whenever the full representation changes, including when a change to another resource re-renders this one. It is the strong ETag, not the delete fence.","description_kind":"plain","computed":true},"space":{"type":"string","description":"Exact opaque SpaceID for this resource. Overrides the provider default; changing it replaces the resource.","description_kind":"plain","optional":true,"computed":true},"uid":{"type":"string","description":"Host-issued immutable resource identity. Delete followed by re-create of the same name yields a new UID.","description_kind":"plain","computed":true}},"description":"Fanout topic whose accepted publishes are delivered at least once to every matching TopicSubscription. The topic retains and replays nothing; the topic.publish Interface fixes the message and publish semantics. Role: identity (Host API v1beta1 lane).","description_kind":"plain"}},"takoform_topic_subscription":{"version":1,"block":{"attributes":{"conditions":{"nested_type":{"attributes":{"host_reason":{"type":"string","description":"Host-specific, non-portable detail naming exactly what is wrong — a relation pointer, both sides of an incarnation change, a missing handler. Null when the host supplies none, and never a value to branch on.","description_kind":"plain","computed":true},"last_transition_time":{"type":"string","description":"RFC 3339 time this condition last changed status.","description_kind":"plain","computed":true},"message":{"type":"string","description":"Human-readable detail, null when the host supplies none.","description_kind":"plain","computed":true},"observed_generation":{"type":"string","description":"The desired-state generation this status reflects. When it lags `generation`, the host has not yet observed the newest desired spec.","description_kind":"plain","computed":true},"reason":{"type":"string","description":"Closed portable reason. Two conforming hosts name one state with one reason, so this is the member to branch on.","description_kind":"plain","computed":true},"status":{"type":"string","description":"`True`, `False`, or `Unknown`.","description_kind":"plain","computed":true},"type":{"type":"string","description":"Closed condition type: `Ready`, `Reconciling`, `Degraded`, `Drifted`, `Blocked`, or `Deleting`.","description_kind":"plain","computed":true}},"nesting_mode":"list"},"description":"Every status condition the host reports, in the order it reports them. Conditions are host-owned rendered state: they change when this resource changes AND when another resource this one depends on changes, without any desired spec changing.","description_kind":"plain","computed":true},"create_timeout":{"type":"string","description":"Overall create deadline as a Go duration (default \"20m\").","description_kind":"plain","optional":true},"dead_letter":{"type":"string","description":"Optional PullQueue receiving messages that exhaust delivery retries. When omitted, exhausted messages are dropped. It must resolve to a different queue from target. Set the name of the exact target queue.forms.takoform.com/PullQueue resource.","description_kind":"plain","optional":true},"delete_timeout":{"type":"string","description":"Overall delete deadline as a Go duration (default \"30m\").","description_kind":"plain","optional":true},"filter_policy":{"type":["map",["set","string"]],"description":"Optional closed attribute-equality filter. When absent, every message matches; each named attribute must equal one of its non-empty candidate strings. There is no range, prefix, negation, or payload-path matching.","description_kind":"plain","optional":true},"form_api_version":{"type":"string","description":"Exact namespaced Form group/version recorded in state; reads dispatch on this exact identity.","description_kind":"plain","computed":true},"form_definition_version":{"type":"string","description":"Exact immutable Form definition version recorded in state.","description_kind":"plain","computed":true},"form_kind":{"type":"string","description":"Exact Form kind recorded in state.","description_kind":"plain","computed":true},"form_package_digest":{"type":"string","description":"Audit-only digest of the Form Package this provider build carries for the exact FormRef. It is distribution provenance, never resource identity, and never enters queries or fences.","description_kind":"plain","computed":true},"form_schema_digest":{"type":"string","description":"Exact immutable Form schema digest recorded in state.","description_kind":"plain","computed":true},"generation":{"type":"string","description":"Canonical decimal desired-state generation; increments only when the portable desired spec changes. Update fences carry it as the expected generation.","description_kind":"plain","computed":true},"max_retries":{"type":"number","description":"Number of delivery retries after the first attempt. A message is attempted at most one plus this value times.","description_kind":"plain","required":true},"name":{"type":"string","description":"Portable resource name (metadata.name). Changing it replaces the resource.","description_kind":"plain","required":true},"outputs_json":{"type":"string","description":"JSON-serialized status.outputs document of the last read or apply; \"{}\" when the Form publishes no outputs.","description_kind":"plain","computed":true},"pending_operation_id":{"type":"string","description":"Internal recovery only. Host operation id of a mutation the host accepted but that did not reach a terminal state before the operation deadline; null in steady state and cleared by the next successful read or apply. It is not resource identity and configurations must not depend on it.","description_kind":"plain","computed":true},"ready":{"type":"bool","description":"Derived convenience: true when `conditions` carries the closed Ready condition with status True. Read `conditions` for the reason a resource is not ready.","description_kind":"plain","computed":true},"relation_drift_reason":{"type":"string","description":"Internal recovery only. The portable condition reason (\"ExternalChange\" or \"DependencyMissing\") when the host reports that a resource this one references was replaced or removed out of band; null in steady state and cleared by the next successful read or apply. It is not desired state, it is not part of the portable wire spec, and configurations must not depend on it.","description_kind":"plain","computed":true},"retry_delay_seconds":{"type":"number","description":"Delay before a failed delivery attempt is retried, in seconds.","description_kind":"plain","required":true},"revision":{"type":"string","description":"Canonical decimal representation revision; increments whenever the full representation changes, including when a change to another resource re-renders this one. It is the strong ETag, not the delete fence.","description_kind":"plain","computed":true},"space":{"type":"string","description":"Exact opaque SpaceID for this resource. Overrides the provider default; changing it replaces the resource.","description_kind":"plain","optional":true,"computed":true},"target":{"type":"string","description":"PullQueue resource providing queue.pull@1.0.0. Changing it replaces the attachment. Set the name of the exact target queue.forms.takoform.com/PullQueue resource.","description_kind":"plain","required":true},"topic":{"type":"string","description":"Exact Topic identity whose accepted publishes this subscription receives. Changing it replaces the attachment. Set the name of the exact target topic.forms.takoform.com/Topic resource.","description_kind":"plain","required":true},"uid":{"type":"string","description":"Host-issued immutable resource identity. Delete followed by re-create of the same name yields a new UID.","description_kind":"plain","computed":true},"update_timeout":{"type":"string","description":"Overall update deadline as a Go duration (default \"20m\").","description_kind":"plain","optional":true}},"description":"Attachment that delivers each matching Topic publish into one PullQueue. Delivery is independent and at least once per subscription; retry and dead-letter behavior belong to this attachment. Role: attachment (Host API v1beta1 lane).","description_kind":"plain"}},"takoform_worker_bundle":{"version":1,"block":{"attributes":{"conditions":{"nested_type":{"attributes":{"host_reason":{"type":"string","description":"Host-specific, non-portable detail naming exactly what is wrong — a relation pointer, both sides of an incarnation change, a missing handler. Null when the host supplies none, and never a value to branch on.","description_kind":"plain","computed":true},"last_transition_time":{"type":"string","description":"RFC 3339 time this condition last changed status.","description_kind":"plain","computed":true},"message":{"type":"string","description":"Human-readable detail, null when the host supplies none.","description_kind":"plain","computed":true},"observed_generation":{"type":"string","description":"The desired-state generation this status reflects. When it lags `generation`, the host has not yet observed the newest desired spec.","description_kind":"plain","computed":true},"reason":{"type":"string","description":"Closed portable reason. Two conforming hosts name one state with one reason, so this is the member to branch on.","description_kind":"plain","computed":true},"status":{"type":"string","description":"`True`, `False`, or `Unknown`.","description_kind":"plain","computed":true},"type":{"type":"string","description":"Closed condition type: `Ready`, `Reconciling`, `Degraded`, `Drifted`, `Blocked`, or `Deleting`.","description_kind":"plain","computed":true}},"nesting_mode":"list"},"description":"Every status condition the host reports, in the order it reports them. Conditions are host-owned rendered state: they change when this resource changes AND when another resource this one depends on changes, without any desired spec changing.","description_kind":"plain","computed":true},"create_timeout":{"type":"string","description":"Overall create deadline as a Go duration (default \"20m\").","description_kind":"plain","optional":true},"delete_timeout":{"type":"string","description":"Overall delete deadline as a Go duration (default \"30m\").","description_kind":"plain","optional":true},"form_api_version":{"type":"string","description":"Exact namespaced Form group/version recorded in state; reads dispatch on this exact identity.","description_kind":"plain","computed":true},"form_definition_version":{"type":"string","description":"Exact immutable Form definition version recorded in state.","description_kind":"plain","computed":true},"form_kind":{"type":"string","description":"Exact Form kind recorded in state.","description_kind":"plain","computed":true},"form_package_digest":{"type":"string","description":"Audit-only digest of the Form Package this provider build carries for the exact FormRef. It is distribution provenance, never resource identity, and never enters queries or fences.","description_kind":"plain","computed":true},"form_schema_digest":{"type":"string","description":"Exact immutable Form schema digest recorded in state.","description_kind":"plain","computed":true},"generation":{"type":"string","description":"Canonical decimal desired-state generation; increments only when the portable desired spec changes. Update fences carry it as the expected generation.","description_kind":"plain","computed":true},"main_module":{"type":"string","description":"Local authoring only: relative path of the ES module the runtime instantiates first. It must name one declared module. It is not portable desired state; it describes the artifact manifest this provider commits.","description_kind":"plain","optional":true},"manifest_digest":{"type":"string","description":"Immutable digest of the committed artifact manifest this bundle is — the whole portable desired state. Set it to reference a manifest already committed to the host, or leave it unset and author main_module plus modules: the provider then commits the manifest and records the digest the host returned.","description_kind":"plain","optional":true,"computed":true},"modules":{"nested_type":{"attributes":{"content_file":{"type":"string","description":"Local path of the module file whose bytes this bundle pins.","description_kind":"plain","optional":true},"content_type":{"type":"string","description":"Closed media type deciding how the runtime links the module.","description_kind":"plain","required":true},"digest":{"type":"string","description":"Canonical lowercase sha256 digest of the module bytes, computed from content_file.","description_kind":"plain","computed":true},"name":{"type":"string","description":"Relative module path inside the bundle.","description_kind":"plain","required":true},"size":{"type":"number","description":"Exact module size in bytes, computed from content_file.","description_kind":"plain","computed":true}},"nesting_mode":"list"},"description":"Local authoring only: every module of the bundle. The provider reads each content_file, computes its exact size and sha256 digest, commits the artifact manifest through the content-addressed artifact API, and records the returned manifest_digest. File paths stay in state; file bytes never do.","description_kind":"plain","optional":true},"name":{"type":"string","description":"Portable resource name (metadata.name). Omit it and set `revision_owner` instead: this Form is an immutable revision, so the provider derives \"bundle-\u003ccontent digest prefix\u003e-\u003cowner digest prefix\u003e\" from the revision's own content and its declared owner, and changed content is therefore a new revision beside the old one. Setting it pins the name, and the provider then refuses at plan time any change that would replace this revision under it.","description_kind":"plain","optional":true,"computed":true},"outputs_json":{"type":"string","description":"JSON-serialized status.outputs document of the last read or apply; \"{}\" when the Form publishes no outputs.","description_kind":"plain","computed":true},"pending_operation_id":{"type":"string","description":"Internal recovery only. Host operation id of a mutation the host accepted but that did not reach a terminal state before the operation deadline; null in steady state and cleared by the next successful read or apply. It is not resource identity and configurations must not depend on it.","description_kind":"plain","computed":true},"ready":{"type":"bool","description":"Derived convenience: true when `conditions` carries the closed Ready condition with status True. Read `conditions` for the reason a resource is not ready.","description_kind":"plain","computed":true},"relation_drift_reason":{"type":"string","description":"Internal recovery only. The portable condition reason (\"ExternalChange\" or \"DependencyMissing\") when the host reports that a resource this one references was replaced or removed out of band; null in steady state and cleared by the next successful read or apply. It is not desired state, it is not part of the portable wire spec, and configurations must not depend on it.","description_kind":"plain","computed":true},"revision":{"type":"string","description":"Canonical decimal representation revision; increments whenever the full representation changes, including when a change to another resource re-renders this one. It is the strong ETag, not the delete fence.","description_kind":"plain","computed":true},"revision_owner":{"type":"string","description":"Stable name of whatever owns this revision — the `takoform_module_worker` it belongs to is the usual answer. Required whenever `name` is omitted, because the derived name is a function of this revision's content and two owners built from identical content would otherwise derive one name and manage one host address. It is folded into the derived name as \"bundle-\u003ccontent digest prefix\u003e-\u003cowner digest prefix\u003e\", never sent to the host, and never part of the portable desired spec. Changing it names a different revision, so it replaces this one.","description_kind":"plain","optional":true},"space":{"type":"string","description":"Exact opaque SpaceID for this resource. Overrides the provider default; changing it replaces the resource.","description_kind":"plain","optional":true,"computed":true},"uid":{"type":"string","description":"Host-issued immutable resource identity. Delete followed by re-create of the same name yields a new UID.","description_kind":"plain","computed":true}},"description":"Immutable content-addressed module bundle of one worker build, named by the digest of the artifact manifest committed through the content-addressed upload API (decision 0012). The manifest, not this Form, describes the main module and every additional module with its closed media type, exact size, and sha256 digest, so the bundle keeps exactly one source of truth for its bytes. Different bytes commit a different manifest, which is a different bundle. Role: revision (Host API v1beta1 lane).","description_kind":"plain"}},"takoform_worker_cron_trigger":{"version":1,"block":{"attributes":{"conditions":{"nested_type":{"attributes":{"host_reason":{"type":"string","description":"Host-specific, non-portable detail naming exactly what is wrong — a relation pointer, both sides of an incarnation change, a missing handler. Null when the host supplies none, and never a value to branch on.","description_kind":"plain","computed":true},"last_transition_time":{"type":"string","description":"RFC 3339 time this condition last changed status.","description_kind":"plain","computed":true},"message":{"type":"string","description":"Human-readable detail, null when the host supplies none.","description_kind":"plain","computed":true},"observed_generation":{"type":"string","description":"The desired-state generation this status reflects. When it lags `generation`, the host has not yet observed the newest desired spec.","description_kind":"plain","computed":true},"reason":{"type":"string","description":"Closed portable reason. Two conforming hosts name one state with one reason, so this is the member to branch on.","description_kind":"plain","computed":true},"status":{"type":"string","description":"`True`, `False`, or `Unknown`.","description_kind":"plain","computed":true},"type":{"type":"string","description":"Closed condition type: `Ready`, `Reconciling`, `Degraded`, `Drifted`, `Blocked`, or `Deleting`.","description_kind":"plain","computed":true}},"nesting_mode":"list"},"description":"Every status condition the host reports, in the order it reports them. Conditions are host-owned rendered state: they change when this resource changes AND when another resource this one depends on changes, without any desired spec changing.","description_kind":"plain","computed":true},"create_timeout":{"type":"string","description":"Overall create deadline as a Go duration (default \"20m\").","description_kind":"plain","optional":true},"cron":{"type":"string","description":"Portable five-field cron expression, interpreted in UTC only. The pattern bounds the shape; a host also parses it and refuses a value outside its field's range, an inverted range, or an out-of-span step.","description_kind":"plain","required":true},"delete_timeout":{"type":"string","description":"Overall delete deadline as a Go duration (default \"30m\").","description_kind":"plain","optional":true},"form_api_version":{"type":"string","description":"Exact namespaced Form group/version recorded in state; reads dispatch on this exact identity.","description_kind":"plain","computed":true},"form_definition_version":{"type":"string","description":"Exact immutable Form definition version recorded in state.","description_kind":"plain","computed":true},"form_kind":{"type":"string","description":"Exact Form kind recorded in state.","description_kind":"plain","computed":true},"form_package_digest":{"type":"string","description":"Audit-only digest of the Form Package this provider build carries for the exact FormRef. It is distribution provenance, never resource identity, and never enters queries or fences.","description_kind":"plain","computed":true},"form_schema_digest":{"type":"string","description":"Exact immutable Form schema digest recorded in state.","description_kind":"plain","computed":true},"generation":{"type":"string","description":"Canonical decimal desired-state generation; increments only when the portable desired spec changes. Update fences carry it as the expected generation.","description_kind":"plain","computed":true},"name":{"type":"string","description":"Portable resource name (metadata.name). Changing it replaces the resource.","description_kind":"plain","required":true},"outputs_json":{"type":"string","description":"JSON-serialized status.outputs document of the last read or apply; \"{}\" when the Form publishes no outputs.","description_kind":"plain","computed":true},"pending_operation_id":{"type":"string","description":"Internal recovery only. Host operation id of a mutation the host accepted but that did not reach a terminal state before the operation deadline; null in steady state and cleared by the next successful read or apply. It is not resource identity and configurations must not depend on it.","description_kind":"plain","computed":true},"ready":{"type":"bool","description":"Derived convenience: true when `conditions` carries the closed Ready condition with status True. Read `conditions` for the reason a resource is not ready.","description_kind":"plain","computed":true},"relation_drift_reason":{"type":"string","description":"Internal recovery only. The portable condition reason (\"ExternalChange\" or \"DependencyMissing\") when the host reports that a resource this one references was replaced or removed out of band; null in steady state and cleared by the next successful read or apply. It is not desired state, it is not part of the portable wire spec, and configurations must not depend on it.","description_kind":"plain","computed":true},"revision":{"type":"string","description":"Canonical decimal representation revision; increments whenever the full representation changes, including when a change to another resource re-renders this one. It is the strong ETag, not the delete fence.","description_kind":"plain","computed":true},"space":{"type":"string","description":"Exact opaque SpaceID for this resource. Overrides the provider default; changing it replaces the resource.","description_kind":"plain","optional":true,"computed":true},"uid":{"type":"string","description":"Host-issued immutable resource identity. Delete followed by re-create of the same name yields a new UID.","description_kind":"plain","computed":true},"update_timeout":{"type":"string","description":"Overall update deadline as a Go duration (default \"20m\").","description_kind":"plain","optional":true},"worker":{"type":"string","description":"Module Worker whose scheduled handler this trigger invokes. Set the name of the exact target edge.forms.takoform.com/ModuleWorker resource.","description_kind":"plain","required":true}},"description":"Attaches one cron schedule to a Module Worker, invoking its scheduled handler at each match. Schedules are interpreted in UTC only; there is no timezone field, so two hosts can never fire the same trigger at different instants and no schedule ever skips or repeats an hour for a daylight-saving transition. The grammar is five fields separated by single spaces — minute 0-59, hour 0-23, day-of-month 1-31, month 1-12, day-of-week 0-6 with 0 Sunday — and each field is a comma-separated list of `*`, a literal, a range `low-high`, `*/step`, or `low-high/step`. Names and a step on a bare literal are not accepted, and neither is any value outside its field's own range, an inverted range, or a step outside 1..span. When day-of-month and day-of-week are BOTH restricted the trigger fires on a day either of them selects; when only one is restricted only that one constrains the day. A missed run is not made up: a host that could not fire a match — because it was unavailable, or because the previous invocation was still running — skips it rather than firing late, so a schedule never produces a backlog. At-least-once delivery applies to each match: a handler may be invoked more than once for one matched minute, and it must be idempotent. An uncaught exception in the handler is a failed invocation reported to host diagnostics; it is not retried within the matched minute and it never becomes an HTTP response. Role: attachment (Host API v1beta1 lane).","description_kind":"plain"}},"takoform_worker_custom_domain":{"version":1,"block":{"attributes":{"conditions":{"nested_type":{"attributes":{"host_reason":{"type":"string","description":"Host-specific, non-portable detail naming exactly what is wrong — a relation pointer, both sides of an incarnation change, a missing handler. Null when the host supplies none, and never a value to branch on.","description_kind":"plain","computed":true},"last_transition_time":{"type":"string","description":"RFC 3339 time this condition last changed status.","description_kind":"plain","computed":true},"message":{"type":"string","description":"Human-readable detail, null when the host supplies none.","description_kind":"plain","computed":true},"observed_generation":{"type":"string","description":"The desired-state generation this status reflects. When it lags `generation`, the host has not yet observed the newest desired spec.","description_kind":"plain","computed":true},"reason":{"type":"string","description":"Closed portable reason. Two conforming hosts name one state with one reason, so this is the member to branch on.","description_kind":"plain","computed":true},"status":{"type":"string","description":"`True`, `False`, or `Unknown`.","description_kind":"plain","computed":true},"type":{"type":"string","description":"Closed condition type: `Ready`, `Reconciling`, `Degraded`, `Drifted`, `Blocked`, or `Deleting`.","description_kind":"plain","computed":true}},"nesting_mode":"list"},"description":"Every status condition the host reports, in the order it reports them. Conditions are host-owned rendered state: they change when this resource changes AND when another resource this one depends on changes, without any desired spec changing.","description_kind":"plain","computed":true},"create_timeout":{"type":"string","description":"Overall create deadline as a Go duration (default \"20m\").","description_kind":"plain","optional":true},"delete_timeout":{"type":"string","description":"Overall delete deadline as a Go duration (default \"30m\").","description_kind":"plain","optional":true},"form_api_version":{"type":"string","description":"Exact namespaced Form group/version recorded in state; reads dispatch on this exact identity.","description_kind":"plain","computed":true},"form_definition_version":{"type":"string","description":"Exact immutable Form definition version recorded in state.","description_kind":"plain","computed":true},"form_kind":{"type":"string","description":"Exact Form kind recorded in state.","description_kind":"plain","computed":true},"form_package_digest":{"type":"string","description":"Audit-only digest of the Form Package this provider build carries for the exact FormRef. It is distribution provenance, never resource identity, and never enters queries or fences.","description_kind":"plain","computed":true},"form_schema_digest":{"type":"string","description":"Exact immutable Form schema digest recorded in state.","description_kind":"plain","computed":true},"generation":{"type":"string","description":"Canonical decimal desired-state generation; increments only when the portable desired spec changes. Update fences carry it as the expected generation.","description_kind":"plain","computed":true},"hostname":{"type":"string","description":"Dotted DNS hostname this attachment serves. Changing it replaces the attachment. The pattern admits the spellings DNS treats as one name — an uppercase letter, a trailing root dot — because a host canonicalizes rather than refusing them; it admits no non-ASCII byte, so an internationalized name travels as its A-label.","description_kind":"plain","required":true},"name":{"type":"string","description":"Portable resource name (metadata.name). Changing it replaces the resource.","description_kind":"plain","required":true},"outputs_json":{"type":"string","description":"JSON-serialized status.outputs document of the last read or apply; \"{}\" when the Form publishes no outputs.","description_kind":"plain","computed":true},"pending_operation_id":{"type":"string","description":"Internal recovery only. Host operation id of a mutation the host accepted but that did not reach a terminal state before the operation deadline; null in steady state and cleared by the next successful read or apply. It is not resource identity and configurations must not depend on it.","description_kind":"plain","computed":true},"ready":{"type":"bool","description":"Derived convenience: true when `conditions` carries the closed Ready condition with status True. Read `conditions` for the reason a resource is not ready.","description_kind":"plain","computed":true},"relation_drift_reason":{"type":"string","description":"Internal recovery only. The portable condition reason (\"ExternalChange\" or \"DependencyMissing\") when the host reports that a resource this one references was replaced or removed out of band; null in steady state and cleared by the next successful read or apply. It is not desired state, it is not part of the portable wire spec, and configurations must not depend on it.","description_kind":"plain","computed":true},"revision":{"type":"string","description":"Canonical decimal representation revision; increments whenever the full representation changes, including when a change to another resource re-renders this one. It is the strong ETag, not the delete fence.","description_kind":"plain","computed":true},"space":{"type":"string","description":"Exact opaque SpaceID for this resource. Overrides the provider default; changing it replaces the resource.","description_kind":"plain","optional":true,"computed":true},"uid":{"type":"string","description":"Host-issued immutable resource identity. Delete followed by re-create of the same name yields a new UID.","description_kind":"plain","computed":true},"worker":{"type":"string","description":"Module Worker served on this hostname. Set the name of the exact target edge.forms.takoform.com/ModuleWorker resource.","description_kind":"plain","required":true}},"description":"Attaches one DNS hostname to a Module Worker so its active deployment serves that hostname over HTTPS. Inward activation is an attachment, never a binding; deleting the attachment detaches the hostname and never deletes the worker. A hostname is a name in DNS rather than a label in this host's namespace, so it is CANONICALIZED before it is compared and before it is stored — trailing root dot removed, ASCII letters lowercased — and one canonical hostname is served by AT MOST ONE attachment per tenant, across every space. A second attachment claiming a hostname a live one already serves is refused before any mutation; releasing the holder makes the claim representable (decision 0026). Role: attachment (Host API v1beta1 lane).","description_kind":"plain"}},"takoform_worker_deployment":{"version":1,"block":{"attributes":{"conditions":{"nested_type":{"attributes":{"host_reason":{"type":"string","description":"Host-specific, non-portable detail naming exactly what is wrong — a relation pointer, both sides of an incarnation change, a missing handler. Null when the host supplies none, and never a value to branch on.","description_kind":"plain","computed":true},"last_transition_time":{"type":"string","description":"RFC 3339 time this condition last changed status.","description_kind":"plain","computed":true},"message":{"type":"string","description":"Human-readable detail, null when the host supplies none.","description_kind":"plain","computed":true},"observed_generation":{"type":"string","description":"The desired-state generation this status reflects. When it lags `generation`, the host has not yet observed the newest desired spec.","description_kind":"plain","computed":true},"reason":{"type":"string","description":"Closed portable reason. Two conforming hosts name one state with one reason, so this is the member to branch on.","description_kind":"plain","computed":true},"status":{"type":"string","description":"`True`, `False`, or `Unknown`.","description_kind":"plain","computed":true},"type":{"type":"string","description":"Closed condition type: `Ready`, `Reconciling`, `Degraded`, `Drifted`, `Blocked`, or `Deleting`.","description_kind":"plain","computed":true}},"nesting_mode":"list"},"description":"Every status condition the host reports, in the order it reports them. Conditions are host-owned rendered state: they change when this resource changes AND when another resource this one depends on changes, without any desired spec changing.","description_kind":"plain","computed":true},"create_timeout":{"type":"string","description":"Overall create deadline as a Go duration (default \"20m\").","description_kind":"plain","optional":true},"delete_timeout":{"type":"string","description":"Overall delete deadline as a Go duration (default \"30m\").","description_kind":"plain","optional":true},"form_api_version":{"type":"string","description":"Exact namespaced Form group/version recorded in state; reads dispatch on this exact identity.","description_kind":"plain","computed":true},"form_definition_version":{"type":"string","description":"Exact immutable Form definition version recorded in state.","description_kind":"plain","computed":true},"form_kind":{"type":"string","description":"Exact Form kind recorded in state.","description_kind":"plain","computed":true},"form_package_digest":{"type":"string","description":"Audit-only digest of the Form Package this provider build carries for the exact FormRef. It is distribution provenance, never resource identity, and never enters queries or fences.","description_kind":"plain","computed":true},"form_schema_digest":{"type":"string","description":"Exact immutable Form schema digest recorded in state.","description_kind":"plain","computed":true},"generation":{"type":"string","description":"Canonical decimal desired-state generation; increments only when the portable desired spec changes. Update fences carry it as the expected generation.","description_kind":"plain","computed":true},"name":{"type":"string","description":"Portable resource name (metadata.name). Changing it replaces the resource.","description_kind":"plain","required":true},"outputs_json":{"type":"string","description":"JSON-serialized status.outputs document of the last read or apply; \"{}\" when the Form publishes no outputs.","description_kind":"plain","computed":true},"pending_operation_id":{"type":"string","description":"Internal recovery only. Host operation id of a mutation the host accepted but that did not reach a terminal state before the operation deadline; null in steady state and cleared by the next successful read or apply. It is not resource identity and configurations must not depend on it.","description_kind":"plain","computed":true},"ready":{"type":"bool","description":"Derived convenience: true when `conditions` carries the closed Ready condition with status True. Read `conditions` for the reason a resource is not ready.","description_kind":"plain","computed":true},"relation_drift_reason":{"type":"string","description":"Internal recovery only. The portable condition reason (\"ExternalChange\" or \"DependencyMissing\") when the host reports that a resource this one references was replaced or removed out of band; null in steady state and cleared by the next successful read or apply. It is not desired state, it is not part of the portable wire spec, and configurations must not depend on it.","description_kind":"plain","computed":true},"revision":{"type":"string","description":"Canonical decimal representation revision; increments whenever the full representation changes, including when a change to another resource re-renders this one. It is the strong ETag, not the delete fence.","description_kind":"plain","computed":true},"space":{"type":"string","description":"Exact opaque SpaceID for this resource. Overrides the provider default; changing it replaces the resource.","description_kind":"plain","optional":true,"computed":true},"uid":{"type":"string","description":"Host-issued immutable resource identity. Delete followed by re-create of the same name yields a new UID.","description_kind":"plain","computed":true},"update_timeout":{"type":"string","description":"Overall update deadline as a Go duration (default \"20m\").","description_kind":"plain","optional":true},"versions":{"nested_type":{"attributes":{"weight":{"type":"number","description":"Traffic share in basis points (1..10000).","description_kind":"plain","required":true},"worker_version":{"type":"string","description":"Worker Version receiving this weight. Set the name of the exact target edge.forms.takoform.com/WorkerVersion resource.","description_kind":"plain","required":true}},"nesting_mode":"list"},"description":"Active Worker Versions and their traffic weights in basis points. Weights must sum to exactly 10000.","description_kind":"plain","required":true},"worker":{"type":"string","description":"Module Worker identity whose traffic this deployment governs. Set the name of the exact target edge.forms.takoform.com/ModuleWorker resource.","description_kind":"plain","required":true}},"description":"Selects which Worker Versions of one Module Worker serve traffic and in what proportion. Weights are basis points and must sum to exactly 10000 across entries; the sum is host-validated semantics because a schema cannot add weights. Rollback is re-weighting, never mutating a revision. Role: deployment (Host API v1beta1 lane).","description_kind":"plain"}},"takoform_worker_endpoint":{"version":1,"block":{"attributes":{"conditions":{"nested_type":{"attributes":{"host_reason":{"type":"string","description":"Host-specific, non-portable detail naming exactly what is wrong — a relation pointer, both sides of an incarnation change, a missing handler. Null when the host supplies none, and never a value to branch on.","description_kind":"plain","computed":true},"last_transition_time":{"type":"string","description":"RFC 3339 time this condition last changed status.","description_kind":"plain","computed":true},"message":{"type":"string","description":"Human-readable detail, null when the host supplies none.","description_kind":"plain","computed":true},"observed_generation":{"type":"string","description":"The desired-state generation this status reflects. When it lags `generation`, the host has not yet observed the newest desired spec.","description_kind":"plain","computed":true},"reason":{"type":"string","description":"Closed portable reason. Two conforming hosts name one state with one reason, so this is the member to branch on.","description_kind":"plain","computed":true},"status":{"type":"string","description":"`True`, `False`, or `Unknown`.","description_kind":"plain","computed":true},"type":{"type":"string","description":"Closed condition type: `Ready`, `Reconciling`, `Degraded`, `Drifted`, `Blocked`, or `Deleting`.","description_kind":"plain","computed":true}},"nesting_mode":"list"},"description":"Every status condition the host reports, in the order it reports them. Conditions are host-owned rendered state: they change when this resource changes AND when another resource this one depends on changes, without any desired spec changing.","description_kind":"plain","computed":true},"create_timeout":{"type":"string","description":"Overall create deadline as a Go duration (default \"20m\").","description_kind":"plain","optional":true},"delete_timeout":{"type":"string","description":"Overall delete deadline as a Go duration (default \"30m\").","description_kind":"plain","optional":true},"form_api_version":{"type":"string","description":"Exact namespaced Form group/version recorded in state; reads dispatch on this exact identity.","description_kind":"plain","computed":true},"form_definition_version":{"type":"string","description":"Exact immutable Form definition version recorded in state.","description_kind":"plain","computed":true},"form_kind":{"type":"string","description":"Exact Form kind recorded in state.","description_kind":"plain","computed":true},"form_package_digest":{"type":"string","description":"Audit-only digest of the Form Package this provider build carries for the exact FormRef. It is distribution provenance, never resource identity, and never enters queries or fences.","description_kind":"plain","computed":true},"form_schema_digest":{"type":"string","description":"Exact immutable Form schema digest recorded in state.","description_kind":"plain","computed":true},"generation":{"type":"string","description":"Canonical decimal desired-state generation; increments only when the portable desired spec changes. Update fences carry it as the expected generation.","description_kind":"plain","computed":true},"hostname":{"type":"string","description":"Dotted DNS hostname the host assigned to this endpoint, in canonical form: lowercase where DNS is case-insensitive and no trailing root dot. The GRAMMAR admits exactly that form, so the rule and the pattern say one thing. An author's hostname admits both variant spellings because a host canonicalizes what it is given; an assigned name has no earlier spelling to preserve. The value is IMMUTABLE for the lifetime of this endpoint's attachment UID: it does not change on deployment promotion, on status refresh, on a host's internal placement change, or on a backend migration, so a consumer may store it; a host that must change the address deletes the endpoint and the author creates a new one. Its VALUE is portable to read and pass on; its SHAPE is host detail, so a portable configuration never parses it, never asserts a suffix, and never reconstructs it from the resource name. Computed by the host; a configuration cannot set it.","description_kind":"plain","computed":true},"name":{"type":"string","description":"Portable resource name (metadata.name). Changing it replaces the resource.","description_kind":"plain","required":true},"outputs_json":{"type":"string","description":"JSON-serialized status.outputs document of the last read or apply; \"{}\" when the Form publishes no outputs.","description_kind":"plain","computed":true},"pending_operation_id":{"type":"string","description":"Internal recovery only. Host operation id of a mutation the host accepted but that did not reach a terminal state before the operation deadline; null in steady state and cleared by the next successful read or apply. It is not resource identity and configurations must not depend on it.","description_kind":"plain","computed":true},"ready":{"type":"bool","description":"Derived convenience: true when `conditions` carries the closed Ready condition with status True. Read `conditions` for the reason a resource is not ready.","description_kind":"plain","computed":true},"relation_drift_reason":{"type":"string","description":"Internal recovery only. The portable condition reason (\"ExternalChange\" or \"DependencyMissing\") when the host reports that a resource this one references was replaced or removed out of band; null in steady state and cleared by the next successful read or apply. It is not desired state, it is not part of the portable wire spec, and configurations must not depend on it.","description_kind":"plain","computed":true},"revision":{"type":"string","description":"Canonical decimal representation revision; increments whenever the full representation changes, including when a change to another resource re-renders this one. It is the strong ETag, not the delete fence.","description_kind":"plain","computed":true},"space":{"type":"string","description":"Exact opaque SpaceID for this resource. Overrides the provider default; changing it replaces the resource.","description_kind":"plain","optional":true,"computed":true},"uid":{"type":"string","description":"Host-issued immutable resource identity. Delete followed by re-create of the same name yields a new UID.","description_kind":"plain","computed":true},"url":{"type":"string","description":"Absolute HTTPS URL of the endpoint's path root: exactly `https://` + the assigned hostname + `/`. The scheme is fixed by the Form and the path root is `/`; there is no plaintext address and no port, so a consumer composes deeper paths onto this value rather than deriving an origin. It admits exactly the hostnames the hostname member admits, and it is immutable for exactly as long, because it IS that hostname. Computed by the host; a configuration cannot set it.","description_kind":"plain","computed":true},"worker":{"type":"string","description":"Module Worker whose active deployment answers requests at the assigned address. Changing it replaces the endpoint. Set the name of the exact target edge.forms.takoform.com/ModuleWorker resource.","description_kind":"plain","required":true}},"description":"Makes one Module Worker reachable over HTTPS at an address the HOST assigns, with no customer-owned domain and no DNS of the author's. The desired state is the worker and nothing else: the author asks for reachability, and where that reachability lives is the host's decision, exactly as an account, a region, and a vendor subdomain are. Requests arriving at the address invoke the fetch handler of the worker's ACTIVE DEPLOYMENT, so promotion and rollback move what answers without the endpoint being re-applied and without its address changing. The scheme is https and the path root is `/`; TLS is not an option a host may decline, because an address that is only reachable in plaintext is a different promise from the one this Form makes. A worker has AT MOST ONE endpoint: two would be two addresses for one service with nothing saying which is canonical, and the second is refused. The assigned address is published as outputs — a portable author may rely on a value being returned, on its scheme being https, and on it routing to the active deployment, and on nothing about its SHAPE: which subdomain, which apex, and how long the label is are host detail no portable configuration may parse or reconstruct. The address is IMMUTABLE for the lifetime of the endpoint's attachment UID. It MUST NOT change on deployment promotion, on status refresh, on a host's internal placement change, or on a backend migration; a host that needs to change the address deletes the endpoint and the author creates a new one, which is a new attachment with a new UID. Role: attachment (Host API v1beta1 lane).","description_kind":"plain"}},"takoform_worker_version":{"version":1,"block":{"attributes":{"actor_bindings":{"nested_type":{"attributes":{"name":{"type":"string","description":"JavaScript identifier the binding is projected under.","description_kind":"plain","required":true},"target_name":{"type":"string","description":"Name of the exact target edge.forms.takoform.com/ActorNamespace resource.","description_kind":"plain","required":true}},"nesting_mode":"list"},"description":"Typed module-worker.actor bindings projecting addressing and invocation — idFromName, newUniqueId, get. Omitting it declares no such binding. Omitting it means the empty list `[]`.","description_kind":"plain","optional":true,"computed":true},"assets":{"nested_type":{"attributes":{"bundle":{"type":"string","description":"Static Asset Bundle whose exact manifest inventory this version serves. Set the name of the exact target edge.forms.takoform.com/StaticAssetBundle resource.","description_kind":"plain","required":true},"not_found_handling":{"type":"string","description":"Closed asset-miss behavior. none leaves a missing exact path as a miss. single_page_application serves the bundle's index.html for a missing path; a bundle without index.html is refused before this Worker Version is stored.","description_kind":"plain","required":true},"run_worker_first":{"type":"bool","description":"Whether every request invokes the worker fetch handler before the asset lookup. False performs the lookup first and invokes fetch only when it misses; true performs the lookup only after fetch returns 404.","description_kind":"plain","required":true}},"nesting_mode":"single"},"description":"Optional static-asset attachment for this immutable version. Without it the host performs no asset lookup. When present, every member is required and the request order is closed: with runWorkerFirst=false the host tries the asset lookup before invoking fetch; with true it invokes fetch first and tries the asset lookup only when that invocation returns 404. An asset result wins; if both stages miss, the worker's 404 is preserved. The attachment never grants a hidden runtime binding and never mutates the referenced bundle.","description_kind":"plain","optional":true},"bucket_bindings":{"nested_type":{"attributes":{"name":{"type":"string","description":"Historical JavaScript binding name retained in state.","description_kind":"plain","computed":true},"target_name":{"type":"string","description":"Historical ObjectBucket resource name retained in state.","description_kind":"plain","computed":true}},"nesting_mode":"list"},"description":"Retained Provider 2.1.1 state only. Records the historical ObjectBucket binding list when refreshing a WorkerVersion created under its exact v1beta1 FormRef. Provider 3 does not accept this attribute in configuration and does not expose an ObjectBucket resource.","description_kind":"plain","computed":true},"bundle":{"type":"string","description":"Worker Bundle carrying the exact module bytes this version executes. Set the name of the exact target edge.forms.takoform.com/WorkerBundle resource.","description_kind":"plain","required":true},"conditions":{"nested_type":{"attributes":{"host_reason":{"type":"string","description":"Host-specific, non-portable detail naming exactly what is wrong — a relation pointer, both sides of an incarnation change, a missing handler. Null when the host supplies none, and never a value to branch on.","description_kind":"plain","computed":true},"last_transition_time":{"type":"string","description":"RFC 3339 time this condition last changed status.","description_kind":"plain","computed":true},"message":{"type":"string","description":"Human-readable detail, null when the host supplies none.","description_kind":"plain","computed":true},"observed_generation":{"type":"string","description":"The desired-state generation this status reflects. When it lags `generation`, the host has not yet observed the newest desired spec.","description_kind":"plain","computed":true},"reason":{"type":"string","description":"Closed portable reason. Two conforming hosts name one state with one reason, so this is the member to branch on.","description_kind":"plain","computed":true},"status":{"type":"string","description":"`True`, `False`, or `Unknown`.","description_kind":"plain","computed":true},"type":{"type":"string","description":"Closed condition type: `Ready`, `Reconciling`, `Degraded`, `Drifted`, `Blocked`, or `Deleting`.","description_kind":"plain","computed":true}},"nesting_mode":"list"},"description":"Every status condition the host reports, in the order it reports them. Conditions are host-owned rendered state: they change when this resource changes AND when another resource this one depends on changes, without any desired spec changing.","description_kind":"plain","computed":true},"create_timeout":{"type":"string","description":"Overall create deadline as a Go duration (default \"20m\").","description_kind":"plain","optional":true},"delete_timeout":{"type":"string","description":"Overall delete deadline as a Go duration (default \"30m\").","description_kind":"plain","optional":true},"external_services":{"nested_type":{"attributes":{"name":{"type":"string","description":"SCREAMING_SNAKE slot name; the runtime members are projected under it.","description_kind":"plain","required":true},"protocol":{"type":"string","description":"Opaque normalized reverse-DNS protocol identifier. The Host must advertise exact support; the provider does not maintain a protocol registry.","description_kind":"plain","required":true},"required":{"type":"bool","description":"Whether the host must satisfy this slot for the resource to be Ready. Defaults to true.","description_kind":"plain","optional":true,"computed":true}},"nesting_mode":"list"},"description":"External standard services this version speaks, each a sealed slot naming only a runtime binding NAME and an opaque namespaced protocol. The host resolves the integration out-of-band and supplies one sealed runtime-native binding under NAME; neither its entries nor the credential is portable state. A required slot the host cannot satisfy keeps the version from becoming Ready. Omitting it declares no external service. Omitting it means the empty list `[]`.","description_kind":"plain","optional":true,"computed":true},"form_api_version":{"type":"string","description":"Exact namespaced Form group/version recorded in state; reads dispatch on this exact identity.","description_kind":"plain","computed":true},"form_definition_version":{"type":"string","description":"Exact immutable Form definition version recorded in state.","description_kind":"plain","computed":true},"form_kind":{"type":"string","description":"Exact Form kind recorded in state.","description_kind":"plain","computed":true},"form_package_digest":{"type":"string","description":"Audit-only digest of the Form Package this provider build carries for the exact FormRef. It is distribution provenance, never resource identity, and never enters queries or fences.","description_kind":"plain","computed":true},"form_schema_digest":{"type":"string","description":"Exact immutable Form schema digest recorded in state.","description_kind":"plain","computed":true},"generation":{"type":"string","description":"Canonical decimal desired-state generation; increments only when the portable desired spec changes. Update fences carry it as the expected generation.","description_kind":"plain","computed":true},"handlers":{"type":["set","string"],"description":"Module event handlers this version exports, from the closed vocabulary the worker.runtime@1.1.0 contract defines. A host rejects a handler that contract does not define, and rejects an attachment whose event kind is not declared here.","description_kind":"plain","required":true},"kv_bindings":{"nested_type":{"attributes":{"name":{"type":"string","description":"JavaScript identifier the binding is projected under.","description_kind":"plain","required":true},"target_name":{"type":"string","description":"Name of the exact target edge.forms.takoform.com/EdgeKVNamespace resource.","description_kind":"plain","required":true}},"nesting_mode":"list"},"description":"Typed module-worker.edge-kv bindings projecting the edge.kv API under JavaScript identifier names. Omitting it declares no such binding. Omitting it means the empty list `[]`.","description_kind":"plain","optional":true,"computed":true},"name":{"type":"string","description":"Portable resource name (metadata.name). Omit it and set `revision_owner` instead: this Form is an immutable revision, so the provider derives \"version-\u003ccontent digest prefix\u003e-\u003cowner digest prefix\u003e\" from the revision's own content and its declared owner, and changed content is therefore a new revision beside the old one. Setting it pins the name, and the provider then refuses at plan time any change that would replace this revision under it.","description_kind":"plain","optional":true,"computed":true},"outputs_json":{"type":"string","description":"JSON-serialized status.outputs document of the last read or apply; \"{}\" when the Form publishes no outputs.","description_kind":"plain","computed":true},"pending_operation_id":{"type":"string","description":"Internal recovery only. Host operation id of a mutation the host accepted but that did not reach a terminal state before the operation deadline; null in steady state and cleared by the next successful read or apply. It is not resource identity and configurations must not depend on it.","description_kind":"plain","computed":true},"queue_producer_bindings":{"nested_type":{"attributes":{"name":{"type":"string","description":"JavaScript identifier the binding is projected under.","description_kind":"plain","required":true},"target_name":{"type":"string","description":"Name of the exact target edge.forms.takoform.com/AtLeastOnceQueue resource.","description_kind":"plain","required":true}},"nesting_mode":"list"},"description":"Typed module-worker.queue-producer bindings projecting only send and sendBatch. Omitting it declares no such binding. Omitting it means the empty list `[]`.","description_kind":"plain","optional":true,"computed":true},"ready":{"type":"bool","description":"Derived convenience: true when `conditions` carries the closed Ready condition with status True. Read `conditions` for the reason a resource is not ready.","description_kind":"plain","computed":true},"relation_drift_reason":{"type":"string","description":"Internal recovery only. The portable condition reason (\"ExternalChange\" or \"DependencyMissing\") when the host reports that a resource this one references was replaced or removed out of band; null in steady state and cleared by the next successful read or apply. It is not desired state, it is not part of the portable wire spec, and configurations must not depend on it.","description_kind":"plain","computed":true},"required_sensitive_vars":{"type":["set","string"],"description":"Names of sensitive values this version requires the host to supply out-of-band. Only the names are portable state; values travel through each host's own sealed path. Omitting it requires no sensitive value. Omitting it means the empty list `[]`.","description_kind":"plain","optional":true,"computed":true},"revision":{"type":"string","description":"Canonical decimal representation revision; increments whenever the full representation changes, including when a change to another resource re-renders this one. It is the strong ETag, not the delete fence.","description_kind":"plain","computed":true},"revision_owner":{"type":"string","description":"Stable name of whatever owns this revision — the `takoform_module_worker` it belongs to is the usual answer. Required whenever `name` is omitted, because the derived name is a function of this revision's content and two owners built from identical content would otherwise derive one name and manage one host address. It is folded into the derived name as \"version-\u003ccontent digest prefix\u003e-\u003cowner digest prefix\u003e\", never sent to the host, and never part of the portable desired spec. Changing it names a different revision, so it replaces this one.","description_kind":"plain","optional":true},"service_bindings":{"nested_type":{"attributes":{"name":{"type":"string","description":"JavaScript identifier the binding is projected under.","description_kind":"plain","required":true},"target_name":{"type":"string","description":"Name of the exact target edge.forms.takoform.com/ModuleWorker resource.","description_kind":"plain","required":true}},"nesting_mode":"list"},"description":"Typed module-worker.service bindings projecting worker.service fetch toward another Module Worker. Omitting it declares no such binding. Omitting it means the empty list `[]`.","description_kind":"plain","optional":true,"computed":true},"space":{"type":"string","description":"Exact opaque SpaceID for this resource. Overrides the provider default; changing it replaces the resource.","description_kind":"plain","optional":true,"computed":true},"sqlite_bindings":{"nested_type":{"attributes":{"name":{"type":"string","description":"JavaScript identifier the binding is projected under.","description_kind":"plain","required":true},"target_name":{"type":"string","description":"Name of the exact target edge.forms.takoform.com/SQLiteDatabase resource.","description_kind":"plain","required":true}},"nesting_mode":"list"},"description":"Typed module-worker.sqlite bindings projecting the edge.sql API. Omitting it declares no such binding. Omitting it means the empty list `[]`.","description_kind":"plain","optional":true,"computed":true},"uid":{"type":"string","description":"Host-issued immutable resource identity. Delete followed by re-create of the same name yields a new UID.","description_kind":"plain","computed":true},"vars_json":{"type":"string","description":"Non-secret configuration values projected into the module environment. Sensitive material never enters portable state. Omitting it projects no variable. Omitting it means the empty object `{}`. Authored as one JSON object string (for example jsonencode({...})); the provider sends the parsed object.","description_kind":"plain","optional":true,"computed":true},"worker":{"type":"string","description":"Module Worker identity this version belongs to. Set the name of the exact target edge.forms.takoform.com/ModuleWorker resource.","description_kind":"plain","required":true},"workflow_bindings":{"nested_type":{"attributes":{"name":{"type":"string","description":"JavaScript identifier the binding is projected under.","description_kind":"plain","required":true},"target_name":{"type":"string","description":"Name of the exact target edge.forms.takoform.com/DurableWorkflow resource.","description_kind":"plain","required":true}},"nesting_mode":"list"},"description":"Typed module-worker.workflow bindings projecting the instance surface — create, get, status, sendEvent, terminate. Omitting it declares no such binding. Omitting it means the empty list `[]`.","description_kind":"plain","optional":true,"computed":true}},"description":"Immutable executable snapshot of one Module Worker: a bundle, the handlers its module exports, non-secret vars, and the typed capability bindings the code may use. A change is a new Worker Version; traffic moves only through Worker Deployments. The runtime this code runs on is not a field of this Form: it is fixed by the worker.runtime@1.1.0 contract the Module Worker identity provides, so a version carries no compatibility date and no compatibility flag (decision 0019). Role: revision (Host API v1beta1 lane).","description_kind":"plain"}}}}}}
